// !$*UTF8*$!
{
	archiveVersion = 1;
	classes = {
	};
	objectVersion = 56;
	objects = {

/* Begin PBXBuildFile section */
		4055AA4C2B8CE33A00DB04D4 /* AppDelegate.swift in Sources */ = {isa = PBXBuildFile; fileRef = 4055AA4B2B8CE33A00DB04D4 /* AppDelegate.swift */; };
		4055AA4E2B8CE33A00DB04D4 /* SceneDelegate.swift in Sources */ = {isa = PBXBuildFile; fileRef = 4055AA4D2B8CE33A00DB04D4 /* SceneDelegate.swift */; };
		4055AA552B8CE33D00DB04D4 /* Assets.xcassets in Resources */ = {isa = PBXBuildFile; fileRef = 4055AA542B8CE33D00DB04D4 /* Assets.xcassets */; };
		4055AA582B8CE33D00DB04D4 /* LaunchScreen.storyboard in Resources */ = {isa = PBXBuildFile; fileRef = 4055AA562B8CE33D00DB04D4 /* LaunchScreen.storyboard */; };
		4055AA602B8CE3EB00DB04D4 /* TabbarController.swift in Sources */ = {isa = PBXBuildFile; fileRef = 4055AA5F2B8CE3EB00DB04D4 /* TabbarController.swift */; };
		4055AA622B8CE4E200DB04D4 /* Home.storyboard in Resources */ = {isa = PBXBuildFile; fileRef = 4055AA612B8CE4E200DB04D4 /* Home.storyboard */; };
		4055AA692B8CE87100DB04D4 /* HomeViewModel.swift in Sources */ = {isa = PBXBuildFile; fileRef = 4055AA682B8CE87100DB04D4 /* HomeViewModel.swift */; };
		4055AA6B2B8CE88700DB04D4 /* HomeController.swift in Sources */ = {isa = PBXBuildFile; fileRef = 4055AA6A2B8CE88700DB04D4 /* HomeController.swift */; };
		4055AA6E2B8CE8D300DB04D4 /* FavoriteController.swift in Sources */ = {isa = PBXBuildFile; fileRef = 4055AA6D2B8CE8D300DB04D4 /* FavoriteController.swift */; };
		4055AA702B8CE8E400DB04D4 /* FavoriteViewModel.swift in Sources */ = {isa = PBXBuildFile; fileRef = 4055AA6F2B8CE8E400DB04D4 /* FavoriteViewModel.swift */; };
		4055AA732B8CE91000DB04D4 /* MoreController.swift in Sources */ = {isa = PBXBuildFile; fileRef = 4055AA722B8CE91000DB04D4 /* MoreController.swift */; };
		4055AA752B8CE91F00DB04D4 /* MoreViewModel.swift in Sources */ = {isa = PBXBuildFile; fileRef = 4055AA742B8CE91F00DB04D4 /* MoreViewModel.swift */; };
		4055AA832B8CEB1F00DB04D4 /* NetworkHelper.swift in Sources */ = {isa = PBXBuildFile; fileRef = 4055AA7C2B8CEB1F00DB04D4 /* NetworkHelper.swift */; };
		4055AA842B8CEB1F00DB04D4 /* NetworkManager.swift in Sources */ = {isa = PBXBuildFile; fileRef = 4055AA7D2B8CEB1F00DB04D4 /* NetworkManager.swift */; };
		4055AA852B8CEB1F00DB04D4 /* MovieHelper.swift in Sources */ = {isa = PBXBuildFile; fileRef = 4055AA7F2B8CEB1F00DB04D4 /* MovieHelper.swift */; };
		4055AA862B8CEB1F00DB04D4 /* MovieManager.swift in Sources */ = {isa = PBXBuildFile; fileRef = 4055AA802B8CEB1F00DB04D4 /* MovieManager.swift */; };
		4055AA882B8CF26800DB04D4 /* PopularMovieModel.swift in Sources */ = {isa = PBXBuildFile; fileRef = 4055AA872B8CF26800DB04D4 /* PopularMovieModel.swift */; };
		405D39982B8F8C5800F3AE5D /* MovieCollectionCell.swift in Sources */ = {isa = PBXBuildFile; fileRef = 405D39962B8F8C5800F3AE5D /* MovieCollectionCell.swift */; };
		405D39992B8F8C5800F3AE5D /* MovieCollectionCell.xib in Resources */ = {isa = PBXBuildFile; fileRef = 405D39972B8F8C5800F3AE5D /* MovieCollectionCell.xib */; };
		405D399C2B8F8E6B00F3AE5D /* MovieCell.swift in Sources */ = {isa = PBXBuildFile; fileRef = 405D399A2B8F8E6B00F3AE5D /* MovieCell.swift */; };
		405D399D2B8F8E6B00F3AE5D /* MovieCell.xib in Resources */ = {isa = PBXBuildFile; fileRef = 405D399B2B8F8E6B00F3AE5D /* MovieCell.xib */; };
/* End PBXBuildFile section */

/* Begin PBXFileReference section */
		4055AA482B8CE33A00DB04D4 /* MovieAPPforATL.app */ = {isa = PBXFileReference; explicitFileType = wrapper.application; includeInIndex = 0; path = MovieAPPforATL.app; sourceTree = BUILT_PRODUCTS_DIR; };
		4055AA4B2B8CE33A00DB04D4 /* AppDelegate.swift */ = {isa = PBXFileReference; lastKnownFileType = sourcecode.swift; path = AppDelegate.swift; sourceTree = "<group>"; };
		4055AA4D2B8CE33A00DB04D4 /* SceneDelegate.swift */ = {isa = PBXFileReference; lastKnownFileType = sourcecode.swift; path = SceneDelegate.swift; sourceTree = "<group>"; };
		4055AA542B8CE33D00DB04D4 /* Assets.xcassets */ = {isa = PBXFileReference; lastKnownFileType = folder.assetcatalog; path = Assets.xcassets; sourceTree = "<group>"; };
		4055AA572B8CE33D00DB04D4 /* Base */ = {isa = PBXFileReference; lastKnownFileType = file.storyboard; name = Base; path = Base.lproj/LaunchScreen.storyboard; sourceTree = "<group>"; };
		4055AA592B8CE33D00DB04D4 /* Info.plist */ = {isa = PBXFileReference; lastKnownFileType = text.plist.xml; path = Info.plist; sourceTree = "<group>"; };
		4055AA5F2B8CE3EB00DB04D4 /* TabbarController.swift */ = {isa = PBXFileReference; lastKnownFileType = sourcecode.swift; path = TabbarController.swift; sourceTree = "<group>"; };
		4055AA612B8CE4E200DB04D4 /* Home.storyboard */ = {isa = PBXFileReference; lastKnownFileType = file.storyboard; path = Home.storyboard; sourceTree = "<group>"; };
		4055AA682B8CE87100DB04D4 /* HomeViewModel.swift */ = {isa = PBXFileReference; lastKnownFileType = sourcecode.swift; path = HomeViewModel.swift; sourceTree = "<group>"; };
		4055AA6A2B8CE88700DB04D4 /* HomeController.swift */ = {isa = PBXFileReference; lastKnownFileType = sourcecode.swift; path = HomeController.swift; sourceTree = "<group>"; };
		4055AA6D2B8CE8D300DB04D4 /* FavoriteController.swift */ = {isa = PBXFileReference; lastKnownFileType = sourcecode.swift; path = FavoriteController.swift; sourceTree = "<group>"; };
		4055AA6F2B8CE8E400DB04D4 /* FavoriteViewModel.swift */ = {isa = PBXFileReference; lastKnownFileType = sourcecode.swift; path = FavoriteViewModel.swift; sourceTree = "<group>"; };
		4055AA722B8CE91000DB04D4 /* MoreController.swift */ = {isa = PBXFileReference; lastKnownFileType = sourcecode.swift; path = MoreController.swift; sourceTree = "<group>"; };
		4055AA742B8CE91F00DB04D4 /* MoreViewModel.swift */ = {isa = PBXFileReference; lastKnownFileType = sourcecode.swift; path = MoreViewModel.swift; sourceTree = "<group>"; };
		4055AA7C2B8CEB1F00DB04D4 /* NetworkHelper.swift */ = {isa = PBXFileReference; fileEncoding = 4; lastKnownFileType = sourcecode.swift; path = NetworkHelper.swift; sourceTree = "<group>"; };
		4055AA7D2B8CEB1F00DB04D4 /* NetworkManager.swift */ = {isa = PBXFileReference; fileEncoding = 4; lastKnownFileType = sourcecode.swift; path = NetworkManager.swift; sourceTree = "<group>"; };
		4055AA7F2B8CEB1F00DB04D4 /* MovieHelper.swift */ = {isa = PBXFileReference; fileEncoding = 4; lastKnownFileType = sourcecode.swift; path = MovieHelper.swift; sourceTree = "<group>"; };
		4055AA802B8CEB1F00DB04D4 /* MovieManager.swift */ = {isa = PBXFileReference; fileEncoding = 4; lastKnownFileType = sourcecode.swift; path = MovieManager.swift; sourceTree = "<group>"; };
		4055AA872B8CF26800DB04D4 /* PopularMovieModel.swift */ = {isa = PBXFileReference; lastKnownFileType = sourcecode.swift; path = PopularMovieModel.swift; sourceTree = "<group>"; };
		405D39962B8F8C5800F3AE5D /* MovieCollectionCell.swift */ = {isa = PBXFileReference; lastKnownFileType = sourcecode.swift; path = MovieCollectionCell.swift; sourceTree = "<group>"; };
		405D39972B8F8C5800F3AE5D /* MovieCollectionCell.xib */ = {isa = PBXFileReference; lastKnownFileType = file.xib; path = MovieCollectionCell.xib; sourceTree = "<group>"; };
		405D399A2B8F8E6B00F3AE5D /* MovieCell.swift */ = {isa = PBXFileReference; lastKnownFileType = sourcecode.swift; path = MovieCell.swift; sourceTree = "<group>"; };
		405D399B2B8F8E6B00F3AE5D /* MovieCell.xib */ = {isa = PBXFileReference; lastKnownFileType = file.xib; path = MovieCell.xib; sourceTree = "<group>"; };
/* End PBXFileReference section */

/* Begin PBXFrameworksBuildPhase section */
		4055AA452B8CE33A00DB04D4 /* Frameworks */ = {
			isa = PBXFrameworksBuildPhase;
			buildActionMask = 2147483647;
			files = (
			);
			runOnlyForDeploymentPostprocessing = 0;
		};
/* End PBXFrameworksBuildPhase section */

/* Begin PBXGroup section */
		4055AA3F2B8CE33A00DB04D4 = {
			isa = PBXGroup;
			children = (
				4055AA4A2B8CE33A00DB04D4 /* MovieAPPforATL */,
				4055AA492B8CE33A00DB04D4 /* Products */,
			);
			sourceTree = "<group>";
		};
		4055AA492B8CE33A00DB04D4 /* Products */ = {
			isa = PBXGroup;
			children = (
				4055AA482B8CE33A00DB04D4 /* MovieAPPforATL.app */,
			);
			name = Products;
			sourceTree = "<group>";
		};
		4055AA4A2B8CE33A00DB04D4 /* MovieAPPforATL */ = {
			isa = PBXGroup;
			children = (
				4055AA4B2B8CE33A00DB04D4 /* AppDelegate.swift */,
				4055AA4D2B8CE33A00DB04D4 /* SceneDelegate.swift */,
				4055AA772B8CEB1F00DB04D4 /* NetworkLayer */,
				4055AA632B8CE80400DB04D4 /* Models */,
				4055AA642B8CE80A00DB04D4 /* Views */,
				4055AA652B8CE81300DB04D4 /* ViewModules */,
				4055AA542B8CE33D00DB04D4 /* Assets.xcassets */,
				4055AA562B8CE33D00DB04D4 /* LaunchScreen.storyboard */,
				4055AA592B8CE33D00DB04D4 /* Info.plist */,
			);
			path = MovieAPPforATL;
			sourceTree = "<group>";
		};
		4055AA632B8CE80400DB04D4 /* Models */ = {
			isa = PBXGroup;
			children = (
				4055AA872B8CF26800DB04D4 /* PopularMovieModel.swift */,
			);
			path = Models;
			sourceTree = "<group>";
		};
		4055AA642B8CE80A00DB04D4 /* Views */ = {
			isa = PBXGroup;
			children = (
				405D39952B8F8C3F00F3AE5D /* Cells */,
				4055AA762B8CE93900DB04D4 /* Storyboards */,
			);
			path = Views;
			sourceTree = "<group>";
		};
		4055AA652B8CE81300DB04D4 /* ViewModules */ = {
			isa = PBXGroup;
			children = (
				4055AA662B8CE84700DB04D4 /* Root */,
				4055AA672B8CE85100DB04D4 /* Home */,
				4055AA6C2B8CE8B000DB04D4 /* Favorite */,
				4055AA712B8CE8F200DB04D4 /* More */,
			);
			path = ViewModules;
			sourceTree = "<group>";
		};
		4055AA662B8CE84700DB04D4 /* Root */ = {
			isa = PBXGroup;
			children = (
				4055AA5F2B8CE3EB00DB04D4 /* TabbarController.swift */,
			);
			path = Root;
			sourceTree = "<group>";
		};
		4055AA672B8CE85100DB04D4 /* Home */ = {
			isa = PBXGroup;
			children = (
				4055AA682B8CE87100DB04D4 /* HomeViewModel.swift */,
				4055AA6A2B8CE88700DB04D4 /* HomeController.swift */,
			);
			path = Home;
			sourceTree = "<group>";
		};
		4055AA6C2B8CE8B000DB04D4 /* Favorite */ = {
			isa = PBXGroup;
			children = (
				4055AA6D2B8CE8D300DB04D4 /* FavoriteController.swift */,
				4055AA6F2B8CE8E400DB04D4 /* FavoriteViewModel.swift */,
			);
			path = Favorite;
			sourceTree = "<group>";
		};
		4055AA712B8CE8F200DB04D4 /* More */ = {
			isa = PBXGroup;
			children = (
				4055AA722B8CE91000DB04D4 /* MoreController.swift */,
				4055AA742B8CE91F00DB04D4 /* MoreViewModel.swift */,
			);
			path = More;
			sourceTree = "<group>";
		};
		4055AA762B8CE93900DB04D4 /* Storyboards */ = {
			isa = PBXGroup;
			children = (
				4055AA612B8CE4E200DB04D4 /* Home.storyboard */,
			);
			path = Storyboards;
			sourceTree = "<group>";
		};
		4055AA772B8CEB1F00DB04D4 /* NetworkLayer */ = {
			isa = PBXGroup;
			children = (
				4055AA7B2B8CEB1F00DB04D4 /* Core */,
				4055AA7E2B8CEB1F00DB04D4 /* Movie */,
			);
			path = NetworkLayer;
			sourceTree = "<group>";
		};
		4055AA7B2B8CEB1F00DB04D4 /* Core */ = {
			isa = PBXGroup;
			children = (
				4055AA7C2B8CEB1F00DB04D4 /* NetworkHelper.swift */,
				4055AA7D2B8CEB1F00DB04D4 /* NetworkManager.swift */,
			);
			path = Core;
			sourceTree = "<group>";
		};
		4055AA7E2B8CEB1F00DB04D4 /* Movie */ = {
			isa = PBXGroup;
			children = (
				4055AA7F2B8CEB1F00DB04D4 /* MovieHelper.swift */,
				4055AA802B8CEB1F00DB04D4 /* MovieManager.swift */,
			);
			path = Movie;
			sourceTree = "<group>";
		};
		405D39952B8F8C3F00F3AE5D /* Cells */ = {
			isa = PBXGroup;
			children = (
				405D399F2B8F8E7D00F3AE5D /* MovieCell */,
				405D399E2B8F8E7000F3AE5D /* MovieCollectionCell */,
			);
			path = Cells;
			sourceTree = "<group>";
		};
		405D399E2B8F8E7000F3AE5D /* MovieCollectionCell */ = {
			isa = PBXGroup;
			children = (
				405D39962B8F8C5800F3AE5D /* MovieCollectionCell.swift */,
				405D39972B8F8C5800F3AE5D /* MovieCollectionCell.xib */,
			);
			path = MovieCollectionCell;
			sourceTree = "<group>";
		};
		405D399F2B8F8E7D00F3AE5D /* MovieCell */ = {
			isa = PBXGroup;
			children = (
				405D399A2B8F8E6B00F3AE5D /* MovieCell.swift */,
				405D399B2B8F8E6B00F3AE5D /* MovieCell.xib */,
			);
			path = MovieCell;
			sourceTree = "<group>";
		};
/* End PBXGroup section */

/* Begin PBXNativeTarget section */
		4055AA472B8CE33A00DB04D4 /* MovieAPPforATL */ = {
			isa = PBXNativeTarget;
			buildConfigurationList = 4055AA5C2B8CE33D00DB04D4 /* Build configuration list for PBXNativeTarget "MovieAPPforATL" */;
			buildPhases = (
				4055AA442B8CE33A00DB04D4 /* Sources */,
				4055AA452B8CE33A00DB04D4 /* Frameworks */,
				4055AA462B8CE33A00DB04D4 /* Resources */,
			);
			buildRules = (
			);
			dependencies = (
			);
			name = MovieAPPforATL;
			productName = MovieAPPforATL;
			productReference = 4055AA482B8CE33A00DB04D4 /* MovieAPPforATL.app */;
			productType = "com.apple.product-type.application";
		};
/* End PBXNativeTarget section */

/* Begin PBXProject section */
		4055AA402B8CE33A00DB04D4 /* Project object */ = {
			isa = PBXProject;
			attributes = {
				BuildIndependentTargetsInParallel = 1;
				LastSwiftUpdateCheck = 1420;
				LastUpgradeCheck = 1420;
				TargetAttributes = {
					4055AA472B8CE33A00DB04D4 = {
						CreatedOnToolsVersion = 14.2;
					};
				};
			};
			buildConfigurationList = 4055AA432B8CE33A00DB04D4 /* Build configuration list for PBXProject "MovieAPPforATL" */;
			compatibilityVersion = "Xcode 14.0";
			developmentRegion = en;
			hasScannedForEncodings = 0;
			knownRegions = (
				en,
				Base,
			);
			mainGroup = 4055AA3F2B8CE33A00DB04D4;
			productRefGroup = 4055AA492B8CE33A00DB04D4 /* Products */;
			projectDirPath = "";
			projectRoot = "";
			targets = (
				4055AA472B8CE33A00DB04D4 /* MovieAPPforATL */,
			);
		};
/* End PBXProject section */

/* Begin PBXResourcesBuildPhase section */
		4055AA462B8CE33A00DB04D4 /* Resources */ = {
			isa = PBXResourcesBuildPhase;
			buildActionMask = 2147483647;
			files = (
				405D39992B8F8C5800F3AE5D /* MovieCollectionCell.xib in Resources */,
				4055AA622B8CE4E200DB04D4 /* Home.storyboard in Resources */,
				4055AA582B8CE33D00DB04D4 /* LaunchScreen.storyboard in Resources */,
				4055AA552B8CE33D00DB04D4 /* Assets.xcassets in Resources */,
				405D399D2B8F8E6B00F3AE5D /* MovieCell.xib in Resources */,
			);
			runOnlyForDeploymentPostprocessing = 0;
		};
/* End PBXResourcesBuildPhase section */

/* Begin PBXSourcesBuildPhase section */
		4055AA442B8CE33A00DB04D4 /* Sources */ = {
			isa = PBXSourcesBuildPhase;
			buildActionMask = 2147483647;
			files = (
				4055AA862B8CEB1F00DB04D4 /* MovieManager.swift in Sources */,
				4055AA752B8CE91F00DB04D4 /* MoreViewModel.swift in Sources */,
				4055AA602B8CE3EB00DB04D4 /* TabbarController.swift in Sources */,
				4055AA6E2B8CE8D300DB04D4 /* FavoriteController.swift in Sources */,
				4055AA842B8CEB1F00DB04D4 /* NetworkManager.swift in Sources */,
				4055AA6B2B8CE88700DB04D4 /* HomeController.swift in Sources */,
				405D39982B8F8C5800F3AE5D /* MovieCollectionCell.swift in Sources */,
				4055AA832B8CEB1F00DB04D4 /* NetworkHelper.swift in Sources */,
				4055AA4C2B8CE33A00DB04D4 /* AppDelegate.swift in Sources */,
				4055AA882B8CF26800DB04D4 /* PopularMovieModel.swift in Sources */,
				405D399C2B8F8E6B00F3AE5D /* MovieCell.swift in Sources */,
				4055AA852B8CEB1F00DB04D4 /* MovieHelper.swift in Sources */,
				4055AA4E2B8CE33A00DB04D4 /* SceneDelegate.swift in Sources */,
				4055AA692B8CE87100DB04D4 /* HomeViewModel.swift in Sources */,
				4055AA732B8CE91000DB04D4 /* MoreController.swift in Sources */,
				4055AA702B8CE8E400DB04D4 /* FavoriteViewModel.swift in Sources */,
			);
			runOnlyForDeploymentPostprocessing = 0;
		};
/* End PBXSourcesBuildPhase section */

/* Begin PBXVariantGroup section */
		4055AA562B8CE33D00DB04D4 /* LaunchScreen.storyboard */ = {
			isa = PBXVariantGroup;
			children = (
				4055AA572B8CE33D00DB04D4 /* Base */,
			);
			name = LaunchScreen.storyboard;
			sourceTree = "<group>";
		};
/* End PBXVariantGroup section */

/* Begin XCBuildConfiguration section */
		4055AA5A2B8CE33D00DB04D4 /* Debug */ = {
			isa = XCBuildConfiguration;
			buildSettings = {
				ALWAYS_SEARCH_USER_PATHS = NO;
				CLANG_ANALYZER_NONNULL = YES;
				CLANG_ANALYZER_NUMBER_OBJECT_CONVERSION = YES_AGGRESSIVE;
				CLANG_CXX_LANGUAGE_STANDARD = "gnu++20";
				CLANG_ENABLE_MODULES = YES;
				CLANG_ENABLE_OBJC_ARC = YES;
				CLANG_ENABLE_OBJC_WEAK = YES;
				CLANG_WARN_BLOCK_CAPTURE_AUTORELEASING = YES;
				CLANG_WARN_BOOL_CONVERSION = YES;
				CLANG_WARN_COMMA = YES;
				CLANG_WARN_CONSTANT_CONVERSION = YES;
				CLANG_WARN_DEPRECATED_OBJC_IMPLEMENTATIONS = YES;
				CLANG_WARN_DIRECT_OBJC_ISA_USAGE = YES_ERROR;
				CLANG_WARN_DOCUMENTATION_COMMENTS = YES;
				CLANG_WARN_EMPTY_BODY = YES;
				CLANG_WARN_ENUM_CONVERSION = YES;
				CLANG_WARN_INFINITE_RECURSION = YES;
				CLANG_WARN_INT_CONVERSION = YES;
				CLANG_WARN_NON_LITERAL_NULL_CONVERSION = YES;
				CLANG_WARN_OBJC_IMPLICIT_RETAIN_SELF = YES;
				CLANG_WARN_OBJC_LITERAL_CONVERSION = YES;
				CLANG_WARN_OBJC_ROOT_CLASS = YES_ERROR;
				CLANG_WARN_QUOTED_INCLUDE_IN_FRAMEWORK_HEADER = YES;
				CLANG_WARN_RANGE_LOOP_ANALYSIS = YES;
				CLANG_WARN_STRICT_PROTOTYPES = YES;
				CLANG_WARN_SUSPICIOUS_MOVE = YES;
				CLANG_WARN_UNGUARDED_AVAILABILITY = YES_AGGRESSIVE;
				CLANG_WARN_UNREACHABLE_CODE = YES;
				CLANG_WARN__DUPLICATE_METHOD_MATCH = YES;
				COPY_PHASE_STRIP = NO;
				DEBUG_INFORMATION_FORMAT = dwarf;
				ENABLE_STRICT_OBJC_MSGSEND = YES;
				ENABLE_TESTABILITY = YES;
				GCC_C_LANGUAGE_STANDARD = gnu11;
				GCC_DYNAMIC_NO_PIC = NO;
				GCC_NO_COMMON_BLOCKS = YES;
				GCC_OPTIMIZATION_LEVEL = 0;
				GCC_PREPROCESSOR_DEFINITIONS = (
					"DEBUG=1",
					"$(inherited)",
				);
				GCC_WARN_64_TO_32_BIT_CONVERSION = YES;
				GCC_WARN_ABOUT_RETURN_TYPE = YES_ERROR;
				GCC_WARN_UNDECLARED_SELECTOR = YES;
				GCC_WARN_UNINITIALIZED_AUTOS = YES_AGGRESSIVE;
				GCC_WARN_UNUSED_FUNCTION = YES;
				GCC_WARN_UNUSED_VARIABLE = YES;
				IPHONEOS_DEPLOYMENT_TARGET = 16.2;
				MTL_ENABLE_DEBUG_INFO = INCLUDE_SOURCE;
				MTL_FAST_MATH = YES;
				ONLY_ACTIVE_ARCH = YES;
				SDKROOT = iphoneos;
				SWIFT_ACTIVE_COMPILATION_CONDITIONS = DEBUG;
				SWIFT_OPTIMIZATION_LEVEL = "-Onone";
			};
			name = Debug;
		};
		4055AA5B2B8CE33D00DB04D4 /* Release */ = {
			isa = XCBuildConfiguration;
			buildSettings = {
				ALWAYS_SEARCH_USER_PATHS = NO;
				CLANG_ANALYZER_NONNULL = YES;
				CLANG_ANALYZER_NUMBER_OBJECT_CONVERSION = YES_AGGRESSIVE;
				CLANG_CXX_LANGUAGE_STANDARD = "gnu++20";
				CLANG_ENABLE_MODULES = YES;
				CLANG_ENABLE_OBJC_ARC = YES;
				CLANG_ENABLE_OBJC_WEAK = YES;
				CLANG_WARN_BLOCK_CAPTURE_AUTORELEASING = YES;
				CLANG_WARN_BOOL_CONVERSION = YES;
				CLANG_WARN_COMMA = YES;
				CLANG_WARN_CONSTANT_CONVERSION = YES;
				CLANG_WARN_DEPRECATED_OBJC_IMPLEMENTATIONS = YES;
				CLANG_WARN_DIRECT_OBJC_ISA_USAGE = YES_ERROR;
				CLANG_WARN_DOCUMENTATION_COMMENTS = YES;
				CLANG_WARN_EMPTY_BODY = YES;
				CLANG_WARN_ENUM_CONVERSION = YES;
				CLANG_WARN_INFINITE_RECURSION = YES;
				CLANG_WARN_INT_CONVERSION = YES;
				CLANG_WARN_NON_LITERAL_NULL_CONVERSION = YES;
				CLANG_WARN_OBJC_IMPLICIT_RETAIN_SELF = YES;
				CLANG_WARN_OBJC_LITERAL_CONVERSION = YES;
				CLANG_WARN_OBJC_ROOT_CLASS = YES_ERROR;
				CLANG_WARN_QUOTED_INCLUDE_IN_FRAMEWORK_HEADER = YES;
				CLANG_WARN_RANGE_LOOP_ANALYSIS = YES;
				CLANG_WARN_STRICT_PROTOTYPES = YES;
				CLANG_WARN_SUSPICIOUS_MOVE = YES;
				CLANG_WARN_UNGUARDED_AVAILABILITY = YES_AGGRESSIVE;
				CLANG_WARN_UNREACHABLE_CODE = YES;
				CLANG_WARN__DUPLICATE_METHOD_MATCH = YES;
				COPY_PHASE_STRIP = NO;
				DEBUG_INFORMATION_FORMAT = "dwarf-with-dsym";
				ENABLE_NS_ASSERTIONS = NO;
				ENABLE_STRICT_OBJC_MSGSEND = YES;
				GCC_C_LANGUAGE_STANDARD = gnu11;
				GCC_NO_COMMON_BLOCKS = YES;
				GCC_WARN_64_TO_32_BIT_CONVERSION = YES;
				GCC_WARN_ABOUT_RETURN_TYPE = YES_ERROR;
				GCC_WARN_UNDECLARED_SELECTOR = YES;
				GCC_WARN_UNINITIALIZED_AUTOS = YES_AGGRESSIVE;
				GCC_WARN_UNUSED_FUNCTION = YES;
				GCC_WARN_UNUSED_VARIABLE = YES;
				IPHONEOS_DEPLOYMENT_TARGET = 16.2;
				MTL_ENABLE_DEBUG_INFO = NO;
				MTL_FAST_MATH = YES;
				SDKROOT = iphoneos;
				SWIFT_COMPILATION_MODE = wholemodule;
				SWIFT_OPTIMIZATION_LEVEL = "-O";
				VALIDATE_PRODUCT = YES;
			};
			name = Release;
		};
		4055AA5D2B8CE33D00DB04D4 /* Debug */ = {
			isa = XCBuildConfiguration;
			buildSettings = {
				ASSETCATALOG_COMPILER_APPICON_NAME = AppIcon;
				ASSETCATALOG_COMPILER_GLOBAL_ACCENT_COLOR_NAME = AccentColor;
				CODE_SIGN_STYLE = Automatic;
				CURRENT_PROJECT_VERSION = 1;
				DEVELOPMENT_TEAM = UAJFWUV282;
				GENERATE_INFOPLIST_FILE = YES;
				INFOPLIST_FILE = MovieAPPforATL/Info.plist;
				INFOPLIST_KEY_UIApplicationSupportsIndirectInputEvents = YES;
				INFOPLIST_KEY_UILaunchStoryboardName = LaunchScreen;
				INFOPLIST_KEY_UISupportedInterfaceOrientations_iPad = "UIInterfaceOrientationPortrait UIInterfaceOrientationPortraitUpsideDown UIInterfaceOrientationLandscapeLeft UIInterfaceOrientationLandscapeRight";
				INFOPLIST_KEY_UISupportedInterfaceOrientations_iPhone = "UIInterfaceOrientationPortrait UIInterfaceOrientationLandscapeLeft UIInterfaceOrientationLandscapeRight";
				LD_RUNPATH_SEARCH_PATHS = (
					"$(inherited)",
					"@executable_path/Frameworks",
				);
				MARKETING_VERSION = 1.0;
				PRODUCT_BUNDLE_IDENTIFIER = com.aslanlifagan.MovieAPPforATL;
				PRODUCT_NAME = "$(TARGET_NAME)";
				SWIFT_EMIT_LOC_STRINGS = YES;
				SWIFT_VERSION = 5.0;
				TARGETED_DEVICE_FAMILY = "1,2";
			};
			name = Debug;
		};
		4055AA5E2B8CE33D00DB04D4 /* Release */ = {
			isa = XCBuildConfiguration;
			buildSettings = {
				ASSETCATALOG_COMPILER_APPICON_NAME = AppIcon;
				ASSETCATALOG_COMPILER_GLOBAL_ACCENT_COLOR_NAME = AccentColor;
				CODE_SIGN_STYLE = Automatic;
				CURRENT_PROJECT_VERSION = 1;
				DEVELOPMENT_TEAM = UAJFWUV282;
				GENERATE_INFOPLIST_FILE = YES;
				INFOPLIST_FILE = MovieAPPforATL/Info.plist;
				INFOPLIST_KEY_UIApplicationSupportsIndirectInputEvents = YES;
				INFOPLIST_KEY_UILaunchStoryboardName = LaunchScreen;
				INFOPLIST_KEY_UISupportedInterfaceOrientations_iPad = "UIInterfaceOrientationPortrait UIInterfaceOrientationPortraitUpsideDown UIInterfaceOrientationLandscapeLeft UIInterfaceOrientationLandscapeRight";
				INFOPLIST_KEY_UISupportedInterfaceOrientations_iPhone = "UIInterfaceOrientationPortrait UIInterfaceOrientationLandscapeLeft UIInterfaceOrientationLandscapeRight";
				LD_RUNPATH_SEARCH_PATHS = (
					"$(inherited)",
					"@executable_path/Frameworks",
				);
				MARKETING_VERSION = 1.0;
				PRODUCT_BUNDLE_IDENTIFIER = com.aslanlifagan.MovieAPPforATL;
				PRODUCT_NAME = "$(TARGET_NAME)";
				SWIFT_EMIT_LOC_STRINGS = YES;
				SWIFT_VERSION = 5.0;
				TARGETED_DEVICE_FAMILY = "1,2";
			};
			name = Release;
		};
/* End XCBuildConfiguration section */

/* Begin XCConfigurationList section */
		4055AA432B8CE33A00DB04D4 /* Build configuration list for PBXProject "MovieAPPforATL" */ = {
			isa = XCConfigurationList;
			buildConfigurations = (
				4055AA5A2B8CE33D00DB04D4 /* Debug */,
				4055AA5B2B8CE33D00DB04D4 /* Release */,
			);
			defaultConfigurationIsVisible = 0;
			defaultConfigurationName = Release;
		};
		4055AA5C2B8CE33D00DB04D4 /* Build configuration list for PBXNativeTarget "MovieAPPforATL" */ = {
			isa = XCConfigurationList;
			buildConfigurations = (
				4055AA5D2B8CE33D00DB04D4 /* Debug */,
				4055AA5E2B8CE33D00DB04D4 /* Release */,
			);
			defaultConfigurationIsVisible = 0;
			defaultConfigurationName = Release;
		};
/* End XCConfigurationList section */
	};
	rootObject = 4055AA402B8CE33A00DB04D4 /* Project object */;
}
