// !$*UTF8*$!
{
	archiveVersion = 1;
	classes = {
	};
	objectVersion = 56;
	objects = {

/* Begin PBXBuildFile section */
		400DF15E2B9F585E00F69170 /* Localizable.strings in Resources */ = {isa = PBXBuildFile; fileRef = 400DF1602B9F585E00F69170 /* Localizable.strings */; };
		400DF1642B9F601A00F69170 /* SDWebImage in Frameworks */ = {isa = PBXBuildFile; productRef = 400DF1632B9F601A00F69170 /* SDWebImage */; };
		401E7E162BA8A37C00C2DBE1 /* SearchManager.swift in Sources */ = {isa = PBXBuildFile; fileRef = 401E7E152BA8A37C00C2DBE1 /* SearchManager.swift */; };
		401E7E1A2BA8A43900C2DBE1 /* SearchModel.swift in Sources */ = {isa = PBXBuildFile; fileRef = 401E7E192BA8A43900C2DBE1 /* SearchModel.swift */; };
		401E7E1E2BA8A7AB00C2DBE1 /* MovieDetailController.swift in Sources */ = {isa = PBXBuildFile; fileRef = 401E7E1D2BA8A7AB00C2DBE1 /* MovieDetailController.swift */; };
		401E7E202BA8A81B00C2DBE1 /* WebViewController.swift in Sources */ = {isa = PBXBuildFile; fileRef = 401E7E1F2BA8A81B00C2DBE1 /* WebViewController.swift */; };
		401F07782B9E5005000500A0 /* UserDefaultsHelper.swift in Sources */ = {isa = PBXBuildFile; fileRef = 401F07772B9E5005000500A0 /* UserDefaultsHelper.swift */; };
		4047AF1C2BA1FDEC00B0DD3A /* TrendingHelper.swift in Sources */ = {isa = PBXBuildFile; fileRef = 4047AF1B2BA1FDEC00B0DD3A /* TrendingHelper.swift */; };
		4047AF1E2BA1FDF500B0DD3A /* TrendingManager.swift in Sources */ = {isa = PBXBuildFile; fileRef = 4047AF1D2BA1FDF500B0DD3A /* TrendingManager.swift */; };
		4047AF202BA1FEB400B0DD3A /* TrendingModel.swift in Sources */ = {isa = PBXBuildFile; fileRef = 4047AF1F2BA1FEB400B0DD3A /* TrendingModel.swift */; };
		4047AF222BA2086B00B0DD3A /* TestViewController.swift in Sources */ = {isa = PBXBuildFile; fileRef = 4047AF212BA2086B00B0DD3A /* TestViewController.swift */; };
		4047AF242BA20B0500B0DD3A /* Layout_Extension.swift in Sources */ = {isa = PBXBuildFile; fileRef = 4047AF232BA20B0500B0DD3A /* Layout_Extension.swift */; };
		4055AA4C2B8CE33A00DB04D4 /* AppDelegate.swift in Sources */ = {isa = PBXBuildFile; fileRef = 4055AA4B2B8CE33A00DB04D4 /* AppDelegate.swift */; };
		4055AA4E2B8CE33A00DB04D4 /* SceneDelegate.swift in Sources */ = {isa = PBXBuildFile; fileRef = 4055AA4D2B8CE33A00DB04D4 /* SceneDelegate.swift */; };
		4055AA552B8CE33D00DB04D4 /* Assets.xcassets in Resources */ = {isa = PBXBuildFile; fileRef = 4055AA542B8CE33D00DB04D4 /* Assets.xcassets */; };
		4055AA582B8CE33D00DB04D4 /* LaunchScreen.storyboard in Resources */ = {isa = PBXBuildFile; fileRef = 4055AA562B8CE33D00DB04D4 /* LaunchScreen.storyboard */; };
		4055AA602B8CE3EB00DB04D4 /* TabbarController.swift in Sources */ = {isa = PBXBuildFile; fileRef = 4055AA5F2B8CE3EB00DB04D4 /* TabbarController.swift */; };
		4055AA622B8CE4E200DB04D4 /* Home.storyboard in Resources */ = {isa = PBXBuildFile; fileRef = 4055AA612B8CE4E200DB04D4 /* Home.storyboard */; };
		4055AA692B8CE87100DB04D4 /* HomeViewModel.swift in Sources */ = {isa = PBXBuildFile; fileRef = 4055AA682B8CE87100DB04D4 /* HomeViewModel.swift */; };
		4055AA6B2B8CE88700DB04D4 /* HomeController.swift in Sources */ = {isa = PBXBuildFile; fileRef = 4055AA6A2B8CE88700DB04D4 /* HomeController.swift */; };
		4055AA6E2B8CE8D300DB04D4 /* FavoriteController.swift in Sources */ = {isa = PBXBuildFile; fileRef = 4055AA6D2B8CE8D300DB04D4 /* FavoriteController.swift */; };
		4055AA702B8CE8E400DB04D4 /* FavoriteViewModel.swift in Sources */ = {isa = PBXBuildFile; fileRef = 4055AA6F2B8CE8E400DB04D4 /* FavoriteViewModel.swift */; };
		4055AA732B8CE91000DB04D4 /* MoreController.swift in Sources */ = {isa = PBXBuildFile; fileRef = 4055AA722B8CE91000DB04D4 /* MoreController.swift */; };
		4055AA752B8CE91F00DB04D4 /* MoreViewModel.swift in Sources */ = {isa = PBXBuildFile; fileRef = 4055AA742B8CE91F00DB04D4 /* MoreViewModel.swift */; };
		4055AA832B8CEB1F00DB04D4 /* NetworkHelper.swift in Sources */ = {isa = PBXBuildFile; fileRef = 4055AA7C2B8CEB1F00DB04D4 /* NetworkHelper.swift */; };
		4055AA842B8CEB1F00DB04D4 /* NetworkManager.swift in Sources */ = {isa = PBXBuildFile; fileRef = 4055AA7D2B8CEB1F00DB04D4 /* NetworkManager.swift */; };
		4055AA852B8CEB1F00DB04D4 /* MovieHelper.swift in Sources */ = {isa = PBXBuildFile; fileRef = 4055AA7F2B8CEB1F00DB04D4 /* MovieHelper.swift */; };
		4055AA862B8CEB1F00DB04D4 /* MovieManager.swift in Sources */ = {isa = PBXBuildFile; fileRef = 4055AA802B8CEB1F00DB04D4 /* MovieManager.swift */; };
		4055AA882B8CF26800DB04D4 /* PopularMovieModel.swift in Sources */ = {isa = PBXBuildFile; fileRef = 4055AA872B8CF26800DB04D4 /* PopularMovieModel.swift */; };
		405D399C2B8F8E6B00F3AE5D /* MovieCell.swift in Sources */ = {isa = PBXBuildFile; fileRef = 405D399A2B8F8E6B00F3AE5D /* MovieCell.swift */; };
		405D399D2B8F8E6B00F3AE5D /* MovieCell.xib in Resources */ = {isa = PBXBuildFile; fileRef = 405D399B2B8F8E6B00F3AE5D /* MovieCell.xib */; };
		405D39A12B8F95D000F3AE5D /* Extensions.swift in Sources */ = {isa = PBXBuildFile; fileRef = 405D39A02B8F95D000F3AE5D /* Extensions.swift */; };
		405D39A92B8F9BA900F3AE5D /* MovieCollectionHeaderView.swift in Sources */ = {isa = PBXBuildFile; fileRef = 405D39A72B8F9BA900F3AE5D /* MovieCollectionHeaderView.swift */; };
		405D39AA2B8F9BA900F3AE5D /* MovieCollectionHeaderView.xib in Resources */ = {isa = PBXBuildFile; fileRef = 405D39A82B8F9BA900F3AE5D /* MovieCollectionHeaderView.xib */; };
		40A15FDF2B96141E007B812D /* KeychainHelper.swift in Sources */ = {isa = PBXBuildFile; fileRef = 40A15FDE2B96141E007B812D /* KeychainHelper.swift */; };
		40C923462B98BF68002CB5E9 /* Montserrat-Regular.ttf in Resources */ = {isa = PBXBuildFile; fileRef = 40C923342B98BF67002CB5E9 /* Montserrat-Regular.ttf */; };
		40C923472B98BF68002CB5E9 /* Montserrat-Black.ttf in Resources */ = {isa = PBXBuildFile; fileRef = 40C923352B98BF67002CB5E9 /* Montserrat-Black.ttf */; };
		40C923482B98BF68002CB5E9 /* Montserrat-SemiBoldItalic.ttf in Resources */ = {isa = PBXBuildFile; fileRef = 40C923362B98BF67002CB5E9 /* Montserrat-SemiBoldItalic.ttf */; };
		40C923492B98BF68002CB5E9 /* Montserrat-SemiBold.ttf in Resources */ = {isa = PBXBuildFile; fileRef = 40C923372B98BF67002CB5E9 /* Montserrat-SemiBold.ttf */; };
		40C9234A2B98BF68002CB5E9 /* Montserrat-Italic.ttf in Resources */ = {isa = PBXBuildFile; fileRef = 40C923382B98BF68002CB5E9 /* Montserrat-Italic.ttf */; };
		40C9234B2B98BF68002CB5E9 /* Montserrat-MediumItalic.ttf in Resources */ = {isa = PBXBuildFile; fileRef = 40C923392B98BF68002CB5E9 /* Montserrat-MediumItalic.ttf */; };
		40C9234C2B98BF68002CB5E9 /* Montserrat-Medium.ttf in Resources */ = {isa = PBXBuildFile; fileRef = 40C9233A2B98BF68002CB5E9 /* Montserrat-Medium.ttf */; };
		40C9234D2B98BF68002CB5E9 /* Montserrat-LightItalic.ttf in Resources */ = {isa = PBXBuildFile; fileRef = 40C9233B2B98BF68002CB5E9 /* Montserrat-LightItalic.ttf */; };
		40C9234E2B98BF68002CB5E9 /* Montserrat-ExtraLight.ttf in Resources */ = {isa = PBXBuildFile; fileRef = 40C9233C2B98BF68002CB5E9 /* Montserrat-ExtraLight.ttf */; };
		40C9234F2B98BF68002CB5E9 /* Montserrat-ExtraLightItalic.ttf in Resources */ = {isa = PBXBuildFile; fileRef = 40C9233D2B98BF68002CB5E9 /* Montserrat-ExtraLightItalic.ttf */; };
		40C923502B98BF68002CB5E9 /* Montserrat-Bold.ttf in Resources */ = {isa = PBXBuildFile; fileRef = 40C9233E2B98BF68002CB5E9 /* Montserrat-Bold.ttf */; };
		40C923512B98BF68002CB5E9 /* Montserrat-Thin.ttf in Resources */ = {isa = PBXBuildFile; fileRef = 40C9233F2B98BF68002CB5E9 /* Montserrat-Thin.ttf */; };
		40C923522B98BF68002CB5E9 /* Montserrat-ThinItalic.ttf in Resources */ = {isa = PBXBuildFile; fileRef = 40C923402B98BF68002CB5E9 /* Montserrat-ThinItalic.ttf */; };
		40C923532B98BF68002CB5E9 /* Montserrat-ExtraBoldItalic.ttf in Resources */ = {isa = PBXBuildFile; fileRef = 40C923412B98BF68002CB5E9 /* Montserrat-ExtraBoldItalic.ttf */; };
		40C923542B98BF68002CB5E9 /* Montserrat-BoldItalic.ttf in Resources */ = {isa = PBXBuildFile; fileRef = 40C923422B98BF68002CB5E9 /* Montserrat-BoldItalic.ttf */; };
		40C923552B98BF68002CB5E9 /* Montserrat-Light.ttf in Resources */ = {isa = PBXBuildFile; fileRef = 40C923432B98BF68002CB5E9 /* Montserrat-Light.ttf */; };
		40C923562B98BF68002CB5E9 /* Montserrat-ExtraBold.ttf in Resources */ = {isa = PBXBuildFile; fileRef = 40C923442B98BF68002CB5E9 /* Montserrat-ExtraBold.ttf */; };
		40C923572B98BF68002CB5E9 /* Montserrat-BlackItalic.ttf in Resources */ = {isa = PBXBuildFile; fileRef = 40C923452B98BF68002CB5E9 /* Montserrat-BlackItalic.ttf */; };
		40C923592B98C521002CB5E9 /* TopRatedModel.swift in Sources */ = {isa = PBXBuildFile; fileRef = 40C923582B98C521002CB5E9 /* TopRatedModel.swift */; };
		821267E72BF736F100EF4AB0 /* ImageLabelCell.swift in Sources */ = {isa = PBXBuildFile; fileRef = 821267E52BF736F100EF4AB0 /* ImageLabelCell.swift */; };
		821267E82BF736F100EF4AB0 /* ImageLabelCell.xib in Resources */ = {isa = PBXBuildFile; fileRef = 821267E62BF736F100EF4AB0 /* ImageLabelCell.xib */; };
		821267EA2BF737D700EF4AB0 /* PeopleModel.swift in Sources */ = {isa = PBXBuildFile; fileRef = 821267E92BF737D700EF4AB0 /* PeopleModel.swift */; };
		821267ED2BF7389000EF4AB0 /* PeopleManager.swift in Sources */ = {isa = PBXBuildFile; fileRef = 821267EC2BF7389000EF4AB0 /* PeopleManager.swift */; };
		821267EF2BF7389D00EF4AB0 /* PeopleHelper.swift in Sources */ = {isa = PBXBuildFile; fileRef = 821267EE2BF7389D00EF4AB0 /* PeopleHelper.swift */; };
		821267F22BF73A3F00EF4AB0 /* PeopleController.swift in Sources */ = {isa = PBXBuildFile; fileRef = 821267F12BF73A3F00EF4AB0 /* PeopleController.swift */; };
		821267F42BF73A4800EF4AB0 /* PeopleViewModel.swift in Sources */ = {isa = PBXBuildFile; fileRef = 821267F32BF73A4800EF4AB0 /* PeopleViewModel.swift */; };
		821267FD2BF7467900EF4AB0 /* MockManager.swift in Sources */ = {isa = PBXBuildFile; fileRef = 821267FC2BF7467900EF4AB0 /* MockManager.swift */; };
		825205602BF7AD5300C4FF92 /* peopleMock.json in Resources */ = {isa = PBXBuildFile; fileRef = 8252055F2BF7AD5300C4FF92 /* peopleMock.json */; };
		825205642BF7B29F00C4FF92 /* PeopleMockManager.swift in Sources */ = {isa = PBXBuildFile; fileRef = 825205632BF7B29F00C4FF92 /* PeopleMockManager.swift */; };
		8252056C2BF7BBC600C4FF92 /* MovieAPPforATLTests.swift in Sources */ = {isa = PBXBuildFile; fileRef = 8252056B2BF7BBC600C4FF92 /* MovieAPPforATLTests.swift */; };
		825205732BF7BD0100C4FF92 /* PeopleTests.swift in Sources */ = {isa = PBXBuildFile; fileRef = 825205722BF7BD0100C4FF92 /* PeopleTests.swift */; };
/* End PBXBuildFile section */

/* Begin PBXContainerItemProxy section */
		8252056D2BF7BBC600C4FF92 /* PBXContainerItemProxy */ = {
			isa = PBXContainerItemProxy;
			containerPortal = 4055AA402B8CE33A00DB04D4 /* Project object */;
			proxyType = 1;
			remoteGlobalIDString = 4055AA472B8CE33A00DB04D4;
			remoteInfo = MovieAPPforATL;
		};
/* End PBXContainerItemProxy section */

/* Begin PBXFileReference section */
		400DF15B2B9F581500F69170 /* az */ = {isa = PBXFileReference; lastKnownFileType = text.plist.strings; name = az; path = az.lproj/LaunchScreen.strings; sourceTree = "<group>"; };
		400DF15F2B9F585E00F69170 /* en */ = {isa = PBXFileReference; lastKnownFileType = text.plist.strings; name = en; path = en.lproj/Localizable.strings; sourceTree = "<group>"; };
		400DF1612B9F586200F69170 /* az */ = {isa = PBXFileReference; lastKnownFileType = text.plist.strings; name = az; path = az.lproj/Localizable.strings; sourceTree = "<group>"; };
		401E7E152BA8A37C00C2DBE1 /* SearchManager.swift */ = {isa = PBXFileReference; lastKnownFileType = sourcecode.swift; path = SearchManager.swift; sourceTree = "<group>"; };
		401E7E192BA8A43900C2DBE1 /* SearchModel.swift */ = {isa = PBXFileReference; lastKnownFileType = sourcecode.swift; path = SearchModel.swift; sourceTree = "<group>"; };
		401E7E1D2BA8A7AB00C2DBE1 /* MovieDetailController.swift */ = {isa = PBXFileReference; lastKnownFileType = sourcecode.swift; path = MovieDetailController.swift; sourceTree = "<group>"; };
		401E7E1F2BA8A81B00C2DBE1 /* WebViewController.swift */ = {isa = PBXFileReference; lastKnownFileType = sourcecode.swift; path = WebViewController.swift; sourceTree = "<group>"; };
		401F07772B9E5005000500A0 /* UserDefaultsHelper.swift */ = {isa = PBXFileReference; fileEncoding = 4; lastKnownFileType = sourcecode.swift; path = UserDefaultsHelper.swift; sourceTree = "<group>"; };
		4047AF1B2BA1FDEC00B0DD3A /* TrendingHelper.swift */ = {isa = PBXFileReference; lastKnownFileType = sourcecode.swift; path = TrendingHelper.swift; sourceTree = "<group>"; };
		4047AF1D2BA1FDF500B0DD3A /* TrendingManager.swift */ = {isa = PBXFileReference; lastKnownFileType = sourcecode.swift; path = TrendingManager.swift; sourceTree = "<group>"; };
		4047AF1F2BA1FEB400B0DD3A /* TrendingModel.swift */ = {isa = PBXFileReference; lastKnownFileType = sourcecode.swift; path = TrendingModel.swift; sourceTree = "<group>"; };
		4047AF212BA2086B00B0DD3A /* TestViewController.swift */ = {isa = PBXFileReference; lastKnownFileType = sourcecode.swift; path = TestViewController.swift; sourceTree = "<group>"; };
		4047AF232BA20B0500B0DD3A /* Layout_Extension.swift */ = {isa = PBXFileReference; lastKnownFileType = sourcecode.swift; path = Layout_Extension.swift; sourceTree = "<group>"; };
		4055AA482B8CE33A00DB04D4 /* MovieAPPforATL.app */ = {isa = PBXFileReference; explicitFileType = wrapper.application; includeInIndex = 0; path = MovieAPPforATL.app; sourceTree = BUILT_PRODUCTS_DIR; };
		4055AA4B2B8CE33A00DB04D4 /* AppDelegate.swift */ = {isa = PBXFileReference; lastKnownFileType = sourcecode.swift; path = AppDelegate.swift; sourceTree = "<group>"; };
		4055AA4D2B8CE33A00DB04D4 /* SceneDelegate.swift */ = {isa = PBXFileReference; lastKnownFileType = sourcecode.swift; path = SceneDelegate.swift; sourceTree = "<group>"; };
		4055AA542B8CE33D00DB04D4 /* Assets.xcassets */ = {isa = PBXFileReference; lastKnownFileType = folder.assetcatalog; path = Assets.xcassets; sourceTree = "<group>"; };
		4055AA572B8CE33D00DB04D4 /* Base */ = {isa = PBXFileReference; lastKnownFileType = file.storyboard; name = Base; path = Base.lproj/LaunchScreen.storyboard; sourceTree = "<group>"; };
		4055AA592B8CE33D00DB04D4 /* Info.plist */ = {isa = PBXFileReference; lastKnownFileType = text.plist.xml; path = Info.plist; sourceTree = "<group>"; };
		4055AA5F2B8CE3EB00DB04D4 /* TabbarController.swift */ = {isa = PBXFileReference; lastKnownFileType = sourcecode.swift; path = TabbarController.swift; sourceTree = "<group>"; };
		4055AA612B8CE4E200DB04D4 /* Home.storyboard */ = {isa = PBXFileReference; lastKnownFileType = file.storyboard; path = Home.storyboard; sourceTree = "<group>"; };
		4055AA682B8CE87100DB04D4 /* HomeViewModel.swift */ = {isa = PBXFileReference; lastKnownFileType = sourcecode.swift; path = HomeViewModel.swift; sourceTree = "<group>"; };
		4055AA6A2B8CE88700DB04D4 /* HomeController.swift */ = {isa = PBXFileReference; lastKnownFileType = sourcecode.swift; path = HomeController.swift; sourceTree = "<group>"; };
		4055AA6D2B8CE8D300DB04D4 /* FavoriteController.swift */ = {isa = PBXFileReference; lastKnownFileType = sourcecode.swift; path = FavoriteController.swift; sourceTree = "<group>"; };
		4055AA6F2B8CE8E400DB04D4 /* FavoriteViewModel.swift */ = {isa = PBXFileReference; lastKnownFileType = sourcecode.swift; path = FavoriteViewModel.swift; sourceTree = "<group>"; };
		4055AA722B8CE91000DB04D4 /* MoreController.swift */ = {isa = PBXFileReference; lastKnownFileType = sourcecode.swift; path = MoreController.swift; sourceTree = "<group>"; };
		4055AA742B8CE91F00DB04D4 /* MoreViewModel.swift */ = {isa = PBXFileReference; lastKnownFileType = sourcecode.swift; path = MoreViewModel.swift; sourceTree = "<group>"; };
		4055AA7C2B8CEB1F00DB04D4 /* NetworkHelper.swift */ = {isa = PBXFileReference; fileEncoding = 4; lastKnownFileType = sourcecode.swift; path = NetworkHelper.swift; sourceTree = "<group>"; };
		4055AA7D2B8CEB1F00DB04D4 /* NetworkManager.swift */ = {isa = PBXFileReference; fileEncoding = 4; lastKnownFileType = sourcecode.swift; path = NetworkManager.swift; sourceTree = "<group>"; };
		4055AA7F2B8CEB1F00DB04D4 /* MovieHelper.swift */ = {isa = PBXFileReference; fileEncoding = 4; lastKnownFileType = sourcecode.swift; path = MovieHelper.swift; sourceTree = "<group>"; };
		4055AA802B8CEB1F00DB04D4 /* MovieManager.swift */ = {isa = PBXFileReference; fileEncoding = 4; lastKnownFileType = sourcecode.swift; path = MovieManager.swift; sourceTree = "<group>"; };
		4055AA872B8CF26800DB04D4 /* PopularMovieModel.swift */ = {isa = PBXFileReference; lastKnownFileType = sourcecode.swift; path = PopularMovieModel.swift; sourceTree = "<group>"; };
		405D399A2B8F8E6B00F3AE5D /* MovieCell.swift */ = {isa = PBXFileReference; lastKnownFileType = sourcecode.swift; path = MovieCell.swift; sourceTree = "<group>"; };
		405D399B2B8F8E6B00F3AE5D /* MovieCell.xib */ = {isa = PBXFileReference; lastKnownFileType = file.xib; path = MovieCell.xib; sourceTree = "<group>"; };
		405D39A02B8F95D000F3AE5D /* Extensions.swift */ = {isa = PBXFileReference; lastKnownFileType = sourcecode.swift; path = Extensions.swift; sourceTree = "<group>"; };
		405D39A72B8F9BA900F3AE5D /* MovieCollectionHeaderView.swift */ = {isa = PBXFileReference; lastKnownFileType = sourcecode.swift; path = MovieCollectionHeaderView.swift; sourceTree = "<group>"; };
		405D39A82B8F9BA900F3AE5D /* MovieCollectionHeaderView.xib */ = {isa = PBXFileReference; lastKnownFileType = file.xib; path = MovieCollectionHeaderView.xib; sourceTree = "<group>"; };
		40A15FDE2B96141E007B812D /* KeychainHelper.swift */ = {isa = PBXFileReference; lastKnownFileType = sourcecode.swift; path = KeychainHelper.swift; sourceTree = "<group>"; };
		40C923342B98BF67002CB5E9 /* Montserrat-Regular.ttf */ = {isa = PBXFileReference; lastKnownFileType = file; path = "Montserrat-Regular.ttf"; sourceTree = "<group>"; };
		40C923352B98BF67002CB5E9 /* Montserrat-Black.ttf */ = {isa = PBXFileReference; lastKnownFileType = file; path = "Montserrat-Black.ttf"; sourceTree = "<group>"; };
		40C923362B98BF67002CB5E9 /* Montserrat-SemiBoldItalic.ttf */ = {isa = PBXFileReference; lastKnownFileType = file; path = "Montserrat-SemiBoldItalic.ttf"; sourceTree = "<group>"; };
		40C923372B98BF67002CB5E9 /* Montserrat-SemiBold.ttf */ = {isa = PBXFileReference; lastKnownFileType = file; path = "Montserrat-SemiBold.ttf"; sourceTree = "<group>"; };
		40C923382B98BF68002CB5E9 /* Montserrat-Italic.ttf */ = {isa = PBXFileReference; lastKnownFileType = file; path = "Montserrat-Italic.ttf"; sourceTree = "<group>"; };
		40C923392B98BF68002CB5E9 /* Montserrat-MediumItalic.ttf */ = {isa = PBXFileReference; lastKnownFileType = file; path = "Montserrat-MediumItalic.ttf"; sourceTree = "<group>"; };
		40C9233A2B98BF68002CB5E9 /* Montserrat-Medium.ttf */ = {isa = PBXFileReference; lastKnownFileType = file; path = "Montserrat-Medium.ttf"; sourceTree = "<group>"; };
		40C9233B2B98BF68002CB5E9 /* Montserrat-LightItalic.ttf */ = {isa = PBXFileReference; lastKnownFileType = file; path = "Montserrat-LightItalic.ttf"; sourceTree = "<group>"; };
		40C9233C2B98BF68002CB5E9 /* Montserrat-ExtraLight.ttf */ = {isa = PBXFileReference; lastKnownFileType = file; path = "Montserrat-ExtraLight.ttf"; sourceTree = "<group>"; };
		40C9233D2B98BF68002CB5E9 /* Montserrat-ExtraLightItalic.ttf */ = {isa = PBXFileReference; lastKnownFileType = file; path = "Montserrat-ExtraLightItalic.ttf"; sourceTree = "<group>"; };
		40C9233E2B98BF68002CB5E9 /* Montserrat-Bold.ttf */ = {isa = PBXFileReference; lastKnownFileType = file; path = "Montserrat-Bold.ttf"; sourceTree = "<group>"; };
		40C9233F2B98BF68002CB5E9 /* Montserrat-Thin.ttf */ = {isa = PBXFileReference; lastKnownFileType = file; path = "Montserrat-Thin.ttf"; sourceTree = "<group>"; };
		40C923402B98BF68002CB5E9 /* Montserrat-ThinItalic.ttf */ = {isa = PBXFileReference; lastKnownFileType = file; path = "Montserrat-ThinItalic.ttf"; sourceTree = "<group>"; };
		40C923412B98BF68002CB5E9 /* Montserrat-ExtraBoldItalic.ttf */ = {isa = PBXFileReference; lastKnownFileType = file; path = "Montserrat-ExtraBoldItalic.ttf"; sourceTree = "<group>"; };
		40C923422B98BF68002CB5E9 /* Montserrat-BoldItalic.ttf */ = {isa = PBXFileReference; lastKnownFileType = file; path = "Montserrat-BoldItalic.ttf"; sourceTree = "<group>"; };
		40C923432B98BF68002CB5E9 /* Montserrat-Light.ttf */ = {isa = PBXFileReference; lastKnownFileType = file; path = "Montserrat-Light.ttf"; sourceTree = "<group>"; };
		40C923442B98BF68002CB5E9 /* Montserrat-ExtraBold.ttf */ = {isa = PBXFileReference; lastKnownFileType = file; path = "Montserrat-ExtraBold.ttf"; sourceTree = "<group>"; };
		40C923452B98BF68002CB5E9 /* Montserrat-BlackItalic.ttf */ = {isa = PBXFileReference; lastKnownFileType = file; path = "Montserrat-BlackItalic.ttf"; sourceTree = "<group>"; };
		40C923582B98C521002CB5E9 /* TopRatedModel.swift */ = {isa = PBXFileReference; lastKnownFileType = sourcecode.swift; path = TopRatedModel.swift; sourceTree = "<group>"; };
		821267E52BF736F100EF4AB0 /* ImageLabelCell.swift */ = {isa = PBXFileReference; fileEncoding = 4; lastKnownFileType = sourcecode.swift; path = ImageLabelCell.swift; sourceTree = "<group>"; };
		821267E62BF736F100EF4AB0 /* ImageLabelCell.xib */ = {isa = PBXFileReference; fileEncoding = 4; lastKnownFileType = file.xib; path = ImageLabelCell.xib; sourceTree = "<group>"; };
		821267E92BF737D700EF4AB0 /* PeopleModel.swift */ = {isa = PBXFileReference; lastKnownFileType = sourcecode.swift; path = PeopleModel.swift; sourceTree = "<group>"; };
		821267EC2BF7389000EF4AB0 /* PeopleManager.swift */ = {isa = PBXFileReference; lastKnownFileType = sourcecode.swift; path = PeopleManager.swift; sourceTree = "<group>"; };
		821267EE2BF7389D00EF4AB0 /* PeopleHelper.swift */ = {isa = PBXFileReference; lastKnownFileType = sourcecode.swift; path = PeopleHelper.swift; sourceTree = "<group>"; };
		821267F12BF73A3F00EF4AB0 /* PeopleController.swift */ = {isa = PBXFileReference; lastKnownFileType = sourcecode.swift; path = PeopleController.swift; sourceTree = "<group>"; };
		821267F32BF73A4800EF4AB0 /* PeopleViewModel.swift */ = {isa = PBXFileReference; lastKnownFileType = sourcecode.swift; path = PeopleViewModel.swift; sourceTree = "<group>"; };
		821267FC2BF7467900EF4AB0 /* MockManager.swift */ = {isa = PBXFileReference; lastKnownFileType = sourcecode.swift; path = MockManager.swift; sourceTree = "<group>"; };
		8252055F2BF7AD5300C4FF92 /* peopleMock.json */ = {isa = PBXFileReference; lastKnownFileType = text.json; path = peopleMock.json; sourceTree = "<group>"; };
		825205632BF7B29F00C4FF92 /* PeopleMockManager.swift */ = {isa = PBXFileReference; lastKnownFileType = sourcecode.swift; path = PeopleMockManager.swift; sourceTree = "<group>"; };
		825205692BF7BBC600C4FF92 /* MovieAPPforATLTests.xctest */ = {isa = PBXFileReference; explicitFileType = wrapper.cfbundle; includeInIndex = 0; path = MovieAPPforATLTests.xctest; sourceTree = BUILT_PRODUCTS_DIR; };
		8252056B2BF7BBC600C4FF92 /* MovieAPPforATLTests.swift */ = {isa = PBXFileReference; lastKnownFileType = sourcecode.swift; path = MovieAPPforATLTests.swift; sourceTree = "<group>"; };
		825205722BF7BD0100C4FF92 /* PeopleTests.swift */ = {isa = PBXFileReference; lastKnownFileType = sourcecode.swift; path = PeopleTests.swift; sourceTree = "<group>"; };
/* End PBXFileReference section */

/* Begin PBXFrameworksBuildPhase section */
		4055AA452B8CE33A00DB04D4 /* Frameworks */ = {
			isa = PBXFrameworksBuildPhase;
			buildActionMask = 2147483647;
			files = (
				400DF1642B9F601A00F69170 /* SDWebImage in Frameworks */,
			);
			runOnlyForDeploymentPostprocessing = 0;
		};
		825205662BF7BBC600C4FF92 /* Frameworks */ = {
			isa = PBXFrameworksBuildPhase;
			buildActionMask = 2147483647;
			files = (
			);
			runOnlyForDeploymentPostprocessing = 0;
		};
/* End PBXFrameworksBuildPhase section */

/* Begin PBXGroup section */
		401E7E142BA8A36B00C2DBE1 /* Search */ = {
			isa = PBXGroup;
			children = (
				401E7E152BA8A37C00C2DBE1 /* SearchManager.swift */,
			);
			path = Search;
			sourceTree = "<group>";
		};
		4047AF1A2BA1FD4800B0DD3A /* Trending */ = {
			isa = PBXGroup;
			children = (
				4047AF1B2BA1FDEC00B0DD3A /* TrendingHelper.swift */,
				4047AF1D2BA1FDF500B0DD3A /* TrendingManager.swift */,
			);
			path = Trending;
			sourceTree = "<group>";
		};
		4055AA3F2B8CE33A00DB04D4 = {
			isa = PBXGroup;
			children = (
				4055AA4A2B8CE33A00DB04D4 /* MovieAPPforATL */,
				8252056A2BF7BBC600C4FF92 /* MovieAPPforATLTests */,
				4055AA492B8CE33A00DB04D4 /* Products */,
			);
			sourceTree = "<group>";
		};
		4055AA492B8CE33A00DB04D4 /* Products */ = {
			isa = PBXGroup;
			children = (
				4055AA482B8CE33A00DB04D4 /* MovieAPPforATL.app */,
				825205692BF7BBC600C4FF92 /* MovieAPPforATLTests.xctest */,
			);
			name = Products;
			sourceTree = "<group>";
		};
		4055AA4A2B8CE33A00DB04D4 /* MovieAPPforATL */ = {
			isa = PBXGroup;
			children = (
				4055AA4B2B8CE33A00DB04D4 /* AppDelegate.swift */,
				4055AA4D2B8CE33A00DB04D4 /* SceneDelegate.swift */,
				4055AA772B8CEB1F00DB04D4 /* NetworkLayer */,
				405D39A32B8F95FC00F3AE5D /* BusinessLayer */,
				405D39A22B8F95EA00F3AE5D /* Helpers */,
				4055AA542B8CE33D00DB04D4 /* Assets.xcassets */,
				40C923332B98BF3F002CB5E9 /* Fonts */,
				4055AA562B8CE33D00DB04D4 /* LaunchScreen.storyboard */,
				4055AA592B8CE33D00DB04D4 /* Info.plist */,
			);
			path = MovieAPPforATL;
			sourceTree = "<group>";
		};
		4055AA632B8CE80400DB04D4 /* Models */ = {
			isa = PBXGroup;
			children = (
				4055AA872B8CF26800DB04D4 /* PopularMovieModel.swift */,
				40C923582B98C521002CB5E9 /* TopRatedModel.swift */,
				4047AF1F2BA1FEB400B0DD3A /* TrendingModel.swift */,
				401E7E192BA8A43900C2DBE1 /* SearchModel.swift */,
				821267E92BF737D700EF4AB0 /* PeopleModel.swift */,
			);
			path = Models;
			sourceTree = "<group>";
		};
		4055AA642B8CE80A00DB04D4 /* Views */ = {
			isa = PBXGroup;
			children = (
				405D39952B8F8C3F00F3AE5D /* Cells */,
				4055AA762B8CE93900DB04D4 /* Storyboards */,
			);
			path = Views;
			sourceTree = "<group>";
		};
		4055AA652B8CE81300DB04D4 /* ViewModules */ = {
			isa = PBXGroup;
			children = (
				821267F02BF73A3300EF4AB0 /* People */,
				4055AA662B8CE84700DB04D4 /* Root */,
				4055AA672B8CE85100DB04D4 /* Home */,
				4055AA6C2B8CE8B000DB04D4 /* Favorite */,
				4055AA712B8CE8F200DB04D4 /* More */,
			);
			path = ViewModules;
			sourceTree = "<group>";
		};
		4055AA662B8CE84700DB04D4 /* Root */ = {
			isa = PBXGroup;
			children = (
				4055AA5F2B8CE3EB00DB04D4 /* TabbarController.swift */,
			);
			path = Root;
			sourceTree = "<group>";
		};
		4055AA672B8CE85100DB04D4 /* Home */ = {
			isa = PBXGroup;
			children = (
				4055AA682B8CE87100DB04D4 /* HomeViewModel.swift */,
				4055AA6A2B8CE88700DB04D4 /* HomeController.swift */,
				401E7E1D2BA8A7AB00C2DBE1 /* MovieDetailController.swift */,
				401E7E1F2BA8A81B00C2DBE1 /* WebViewController.swift */,
			);
			path = Home;
			sourceTree = "<group>";
		};
		4055AA6C2B8CE8B000DB04D4 /* Favorite */ = {
			isa = PBXGroup;
			children = (
				4055AA6D2B8CE8D300DB04D4 /* FavoriteController.swift */,
				4047AF212BA2086B00B0DD3A /* TestViewController.swift */,
				4055AA6F2B8CE8E400DB04D4 /* FavoriteViewModel.swift */,
			);
			path = Favorite;
			sourceTree = "<group>";
		};
		4055AA712B8CE8F200DB04D4 /* More */ = {
			isa = PBXGroup;
			children = (
				4055AA722B8CE91000DB04D4 /* MoreController.swift */,
				4055AA742B8CE91F00DB04D4 /* MoreViewModel.swift */,
			);
			path = More;
			sourceTree = "<group>";
		};
		4055AA762B8CE93900DB04D4 /* Storyboards */ = {
			isa = PBXGroup;
			children = (
				4055AA612B8CE4E200DB04D4 /* Home.storyboard */,
			);
			path = Storyboards;
			sourceTree = "<group>";
		};
		4055AA772B8CEB1F00DB04D4 /* NetworkLayer */ = {
			isa = PBXGroup;
			children = (
				401E7E142BA8A36B00C2DBE1 /* Search */,
				4047AF1A2BA1FD4800B0DD3A /* Trending */,
				4055AA7B2B8CEB1F00DB04D4 /* Core */,
				4055AA7E2B8CEB1F00DB04D4 /* Movie */,
				821267EB2BF7386E00EF4AB0 /* People */,
			);
			path = NetworkLayer;
			sourceTree = "<group>";
		};
		4055AA7B2B8CEB1F00DB04D4 /* Core */ = {
			isa = PBXGroup;
			children = (
				4055AA7C2B8CEB1F00DB04D4 /* NetworkHelper.swift */,
				4055AA7D2B8CEB1F00DB04D4 /* NetworkManager.swift */,
				821267FC2BF7467900EF4AB0 /* MockManager.swift */,
			);
			path = Core;
			sourceTree = "<group>";
		};
		4055AA7E2B8CEB1F00DB04D4 /* Movie */ = {
			isa = PBXGroup;
			children = (
				4055AA7F2B8CEB1F00DB04D4 /* MovieHelper.swift */,
				4055AA802B8CEB1F00DB04D4 /* MovieManager.swift */,
			);
			path = Movie;
			sourceTree = "<group>";
		};
		405D39952B8F8C3F00F3AE5D /* Cells */ = {
			isa = PBXGroup;
			children = (
				821267E42BF736C700EF4AB0 /* ImageLabelCell */,
				405D39A42B8F9B2B00F3AE5D /* Headers */,
				405D399F2B8F8E7D00F3AE5D /* MovieCell */,
			);
			path = Cells;
			sourceTree = "<group>";
		};
		405D399F2B8F8E7D00F3AE5D /* MovieCell */ = {
			isa = PBXGroup;
			children = (
				405D399A2B8F8E6B00F3AE5D /* MovieCell.swift */,
				405D399B2B8F8E6B00F3AE5D /* MovieCell.xib */,
			);
			path = MovieCell;
			sourceTree = "<group>";
		};
		405D39A22B8F95EA00F3AE5D /* Helpers */ = {
			isa = PBXGroup;
			children = (
				401F07772B9E5005000500A0 /* UserDefaultsHelper.swift */,
				405D39A02B8F95D000F3AE5D /* Extensions.swift */,
				40A15FDE2B96141E007B812D /* KeychainHelper.swift */,
				400DF1602B9F585E00F69170 /* Localizable.strings */,
				4047AF232BA20B0500B0DD3A /* Layout_Extension.swift */,
			);
			path = Helpers;
			sourceTree = "<group>";
		};
		405D39A32B8F95FC00F3AE5D /* BusinessLayer */ = {
			isa = PBXGroup;
			children = (
				4055AA632B8CE80400DB04D4 /* Models */,
				4055AA642B8CE80A00DB04D4 /* Views */,
				4055AA652B8CE81300DB04D4 /* ViewModules */,
			);
			path = BusinessLayer;
			sourceTree = "<group>";
		};
		405D39A42B8F9B2B00F3AE5D /* Headers */ = {
			isa = PBXGroup;
			children = (
				405D39A52B8F9B3200F3AE5D /* MovieCollectionHeaderView */,
			);
			path = Headers;
			sourceTree = "<group>";
		};
		405D39A52B8F9B3200F3AE5D /* MovieCollectionHeaderView */ = {
			isa = PBXGroup;
			children = (
				405D39A72B8F9BA900F3AE5D /* MovieCollectionHeaderView.swift */,
				405D39A82B8F9BA900F3AE5D /* MovieCollectionHeaderView.xib */,
			);
			path = MovieCollectionHeaderView;
			sourceTree = "<group>";
		};
		40C923332B98BF3F002CB5E9 /* Fonts */ = {
			isa = PBXGroup;
			children = (
				40C923352B98BF67002CB5E9 /* Montserrat-Black.ttf */,
				40C923452B98BF68002CB5E9 /* Montserrat-BlackItalic.ttf */,
				40C9233E2B98BF68002CB5E9 /* Montserrat-Bold.ttf */,
				40C923422B98BF68002CB5E9 /* Montserrat-BoldItalic.ttf */,
				40C923442B98BF68002CB5E9 /* Montserrat-ExtraBold.ttf */,
				40C923412B98BF68002CB5E9 /* Montserrat-ExtraBoldItalic.ttf */,
				40C9233C2B98BF68002CB5E9 /* Montserrat-ExtraLight.ttf */,
				40C9233D2B98BF68002CB5E9 /* Montserrat-ExtraLightItalic.ttf */,
				40C923382B98BF68002CB5E9 /* Montserrat-Italic.ttf */,
				40C923432B98BF68002CB5E9 /* Montserrat-Light.ttf */,
				40C9233B2B98BF68002CB5E9 /* Montserrat-LightItalic.ttf */,
				40C9233A2B98BF68002CB5E9 /* Montserrat-Medium.ttf */,
				40C923392B98BF68002CB5E9 /* Montserrat-MediumItalic.ttf */,
				40C923342B98BF67002CB5E9 /* Montserrat-Regular.ttf */,
				40C923372B98BF67002CB5E9 /* Montserrat-SemiBold.ttf */,
				40C923362B98BF67002CB5E9 /* Montserrat-SemiBoldItalic.ttf */,
				40C9233F2B98BF68002CB5E9 /* Montserrat-Thin.ttf */,
				40C923402B98BF68002CB5E9 /* Montserrat-ThinItalic.ttf */,
			);
			path = Fonts;
			sourceTree = "<group>";
		};
		821267E42BF736C700EF4AB0 /* ImageLabelCell */ = {
			isa = PBXGroup;
			children = (
				821267E52BF736F100EF4AB0 /* ImageLabelCell.swift */,
				821267E62BF736F100EF4AB0 /* ImageLabelCell.xib */,
			);
			path = ImageLabelCell;
			sourceTree = "<group>";
		};
		821267EB2BF7386E00EF4AB0 /* People */ = {
			isa = PBXGroup;
			children = (
				821267EE2BF7389D00EF4AB0 /* PeopleHelper.swift */,
				821267EC2BF7389000EF4AB0 /* PeopleManager.swift */,
				825205632BF7B29F00C4FF92 /* PeopleMockManager.swift */,
				8252055F2BF7AD5300C4FF92 /* peopleMock.json */,
			);
			path = People;
			sourceTree = "<group>";
		};
		821267F02BF73A3300EF4AB0 /* People */ = {
			isa = PBXGroup;
			children = (
				821267F12BF73A3F00EF4AB0 /* PeopleController.swift */,
				821267F32BF73A4800EF4AB0 /* PeopleViewModel.swift */,
			);
			path = People;
			sourceTree = "<group>";
		};
		8252056A2BF7BBC600C4FF92 /* MovieAPPforATLTests */ = {
			isa = PBXGroup;
			children = (
				8252056B2BF7BBC600C4FF92 /* MovieAPPforATLTests.swift */,
				825205722BF7BD0100C4FF92 /* PeopleTests.swift */,
			);
			path = MovieAPPforATLTests;
			sourceTree = "<group>";
		};
/* End PBXGroup section */

/* Begin PBXNativeTarget section */
		4055AA472B8CE33A00DB04D4 /* MovieAPPforATL */ = {
			isa = PBXNativeTarget;
			buildConfigurationList = 4055AA5C2B8CE33D00DB04D4 /* Build configuration list for PBXNativeTarget "MovieAPPforATL" */;
			buildPhases = (
				4055AA442B8CE33A00DB04D4 /* Sources */,
				4055AA452B8CE33A00DB04D4 /* Frameworks */,
				4055AA462B8CE33A00DB04D4 /* Resources */,
			);
			buildRules = (
			);
			dependencies = (
			);
			name = MovieAPPforATL;
			packageProductDependencies = (
				400DF1632B9F601A00F69170 /* SDWebImage */,
			);
			productName = MovieAPPforATL;
			productReference = 4055AA482B8CE33A00DB04D4 /* MovieAPPforATL.app */;
			productType = "com.apple.product-type.application";
		};
		825205682BF7BBC600C4FF92 /* MovieAPPforATLTests */ = {
			isa = PBXNativeTarget;
			buildConfigurationList = 8252056F2BF7BBC600C4FF92 /* Build configuration list for PBXNativeTarget "MovieAPPforATLTests" */;
			buildPhases = (
				825205652BF7BBC600C4FF92 /* Sources */,
				825205662BF7BBC600C4FF92 /* Frameworks */,
				825205672BF7BBC600C4FF92 /* Resources */,
			);
			buildRules = (
			);
			dependencies = (
				8252056E2BF7BBC600C4FF92 /* PBXTargetDependency */,
			);
			name = MovieAPPforATLTests;
			productName = MovieAPPforATLTests;
			productReference = 825205692BF7BBC600C4FF92 /* MovieAPPforATLTests.xctest */;
			productType = "com.apple.product-type.bundle.unit-test";
		};
/* End PBXNativeTarget section */

/* Begin PBXProject section */
		4055AA402B8CE33A00DB04D4 /* Project object */ = {
			isa = PBXProject;
			attributes = {
				BuildIndependentTargetsInParallel = 1;
				LastSwiftUpdateCheck = 1520;
				LastUpgradeCheck = 1420;
				TargetAttributes = {
					4055AA472B8CE33A00DB04D4 = {
						CreatedOnToolsVersion = 14.2;
					};
					825205682BF7BBC600C4FF92 = {
						CreatedOnToolsVersion = 15.2;
						TestTargetID = 4055AA472B8CE33A00DB04D4;
					};
				};
			};
			buildConfigurationList = 4055AA432B8CE33A00DB04D4 /* Build configuration list for PBXProject "MovieAPPforATL" */;
			compatibilityVersion = "Xcode 14.0";
			developmentRegion = en;
			hasScannedForEncodings = 0;
			knownRegions = (
				en,
				Base,
				az,
			);
			mainGroup = 4055AA3F2B8CE33A00DB04D4;
			packageReferences = (
				400DF1622B9F601A00F69170 /* XCRemoteSwiftPackageReference "SDWebImage" */,
			);
			productRefGroup = 4055AA492B8CE33A00DB04D4 /* Products */;
			projectDirPath = "";
			projectRoot = "";
			targets = (
				4055AA472B8CE33A00DB04D4 /* MovieAPPforATL */,
				825205682BF7BBC600C4FF92 /* MovieAPPforATLTests */,
			);
		};
/* End PBXProject section */

/* Begin PBXResourcesBuildPhase section */
		4055AA462B8CE33A00DB04D4 /* Resources */ = {
			isa = PBXResourcesBuildPhase;
			buildActionMask = 2147483647;
			files = (
				40C923482B98BF68002CB5E9 /* Montserrat-SemiBoldItalic.ttf in Resources */,
				40C9234A2B98BF68002CB5E9 /* Montserrat-Italic.ttf in Resources */,
				40C923472B98BF68002CB5E9 /* Montserrat-Black.ttf in Resources */,
				40C9234E2B98BF68002CB5E9 /* Montserrat-ExtraLight.ttf in Resources */,
				405D39AA2B8F9BA900F3AE5D /* MovieCollectionHeaderView.xib in Resources */,
				40C923552B98BF68002CB5E9 /* Montserrat-Light.ttf in Resources */,
				40C923492B98BF68002CB5E9 /* Montserrat-SemiBold.ttf in Resources */,
				40C923462B98BF68002CB5E9 /* Montserrat-Regular.ttf in Resources */,
				4055AA622B8CE4E200DB04D4 /* Home.storyboard in Resources */,
				400DF15E2B9F585E00F69170 /* Localizable.strings in Resources */,
				40C9234F2B98BF68002CB5E9 /* Montserrat-ExtraLightItalic.ttf in Resources */,
				825205602BF7AD5300C4FF92 /* peopleMock.json in Resources */,
				40C923522B98BF68002CB5E9 /* Montserrat-ThinItalic.ttf in Resources */,
				40C923512B98BF68002CB5E9 /* Montserrat-Thin.ttf in Resources */,
				40C923562B98BF68002CB5E9 /* Montserrat-ExtraBold.ttf in Resources */,
				821267E82BF736F100EF4AB0 /* ImageLabelCell.xib in Resources */,
				40C923502B98BF68002CB5E9 /* Montserrat-Bold.ttf in Resources */,
				40C9234D2B98BF68002CB5E9 /* Montserrat-LightItalic.ttf in Resources */,
				4055AA582B8CE33D00DB04D4 /* LaunchScreen.storyboard in Resources */,
				40C923542B98BF68002CB5E9 /* Montserrat-BoldItalic.ttf in Resources */,
				4055AA552B8CE33D00DB04D4 /* Assets.xcassets in Resources */,
				40C9234C2B98BF68002CB5E9 /* Montserrat-Medium.ttf in Resources */,
				40C923532B98BF68002CB5E9 /* Montserrat-ExtraBoldItalic.ttf in Resources */,
				40C923572B98BF68002CB5E9 /* Montserrat-BlackItalic.ttf in Resources */,
				40C9234B2B98BF68002CB5E9 /* Montserrat-MediumItalic.ttf in Resources */,
				405D399D2B8F8E6B00F3AE5D /* MovieCell.xib in Resources */,
			);
			runOnlyForDeploymentPostprocessing = 0;
		};
		825205672BF7BBC600C4FF92 /* Resources */ = {
			isa = PBXResourcesBuildPhase;
			buildActionMask = 2147483647;
			files = (
			);
			runOnlyForDeploymentPostprocessing = 0;
		};
/* End PBXResourcesBuildPhase section */

/* Begin PBXSourcesBuildPhase section */
		4055AA442B8CE33A00DB04D4 /* Sources */ = {
			isa = PBXSourcesBuildPhase;
			buildActionMask = 2147483647;
			files = (
				401F07782B9E5005000500A0 /* UserDefaultsHelper.swift in Sources */,
				401E7E1E2BA8A7AB00C2DBE1 /* MovieDetailController.swift in Sources */,
				4055AA862B8CEB1F00DB04D4 /* MovieManager.swift in Sources */,
				4055AA752B8CE91F00DB04D4 /* MoreViewModel.swift in Sources */,
				4055AA602B8CE3EB00DB04D4 /* TabbarController.swift in Sources */,
				4055AA6E2B8CE8D300DB04D4 /* FavoriteController.swift in Sources */,
				40A15FDF2B96141E007B812D /* KeychainHelper.swift in Sources */,
				4047AF1C2BA1FDEC00B0DD3A /* TrendingHelper.swift in Sources */,
				4055AA842B8CEB1F00DB04D4 /* NetworkManager.swift in Sources */,
				821267FD2BF7467900EF4AB0 /* MockManager.swift in Sources */,
				4047AF1E2BA1FDF500B0DD3A /* TrendingManager.swift in Sources */,
				4047AF242BA20B0500B0DD3A /* Layout_Extension.swift in Sources */,
				4055AA6B2B8CE88700DB04D4 /* HomeController.swift in Sources */,
				821267F22BF73A3F00EF4AB0 /* PeopleController.swift in Sources */,
				401E7E1A2BA8A43900C2DBE1 /* SearchModel.swift in Sources */,
				401E7E162BA8A37C00C2DBE1 /* SearchManager.swift in Sources */,
				821267ED2BF7389000EF4AB0 /* PeopleManager.swift in Sources */,
				4047AF222BA2086B00B0DD3A /* TestViewController.swift in Sources */,
				825205642BF7B29F00C4FF92 /* PeopleMockManager.swift in Sources */,
				4055AA832B8CEB1F00DB04D4 /* NetworkHelper.swift in Sources */,
				821267F42BF73A4800EF4AB0 /* PeopleViewModel.swift in Sources */,
				4055AA4C2B8CE33A00DB04D4 /* AppDelegate.swift in Sources */,
				821267E72BF736F100EF4AB0 /* ImageLabelCell.swift in Sources */,
				40C923592B98C521002CB5E9 /* TopRatedModel.swift in Sources */,
				4047AF202BA1FEB400B0DD3A /* TrendingModel.swift in Sources */,
				405D39A92B8F9BA900F3AE5D /* MovieCollectionHeaderView.swift in Sources */,
				401E7E202BA8A81B00C2DBE1 /* WebViewController.swift in Sources */,
				4055AA882B8CF26800DB04D4 /* PopularMovieModel.swift in Sources */,
				821267EF2BF7389D00EF4AB0 /* PeopleHelper.swift in Sources */,
				405D399C2B8F8E6B00F3AE5D /* MovieCell.swift in Sources */,
				4055AA852B8CEB1F00DB04D4 /* MovieHelper.swift in Sources */,
				4055AA4E2B8CE33A00DB04D4 /* SceneDelegate.swift in Sources */,
				4055AA692B8CE87100DB04D4 /* HomeViewModel.swift in Sources */,
				405D39A12B8F95D000F3AE5D /* Extensions.swift in Sources */,
				4055AA732B8CE91000DB04D4 /* MoreController.swift in Sources */,
				821267EA2BF737D700EF4AB0 /* PeopleModel.swift in Sources */,
				4055AA702B8CE8E400DB04D4 /* FavoriteViewModel.swift in Sources */,
			);
			runOnlyForDeploymentPostprocessing = 0;
		};
		825205652BF7BBC600C4FF92 /* Sources */ = {
			isa = PBXSourcesBuildPhase;
			buildActionMask = 2147483647;
			files = (
				825205732BF7BD0100C4FF92 /* PeopleTests.swift in Sources */,
				8252056C2BF7BBC600C4FF92 /* MovieAPPforATLTests.swift in Sources */,
			);
			runOnlyForDeploymentPostprocessing = 0;
		};
/* End PBXSourcesBuildPhase section */

/* Begin PBXTargetDependency section */
		8252056E2BF7BBC600C4FF92 /* PBXTargetDependency */ = {
			isa = PBXTargetDependency;
			target = 4055AA472B8CE33A00DB04D4 /* MovieAPPforATL */;
			targetProxy = 8252056D2BF7BBC600C4FF92 /* PBXContainerItemProxy */;
		};
/* End PBXTargetDependency section */

/* Begin PBXVariantGroup section */
		400DF1602B9F585E00F69170 /* Localizable.strings */ = {
			isa = PBXVariantGroup;
			children = (
				400DF15F2B9F585E00F69170 /* en */,
				400DF1612B9F586200F69170 /* az */,
			);
			name = Localizable.strings;
			sourceTree = "<group>";
		};
		4055AA562B8CE33D00DB04D4 /* LaunchScreen.storyboard */ = {
			isa = PBXVariantGroup;
			children = (
				4055AA572B8CE33D00DB04D4 /* Base */,
				400DF15B2B9F581500F69170 /* az */,
			);
			name = LaunchScreen.storyboard;
			sourceTree = "<group>";
		};
/* End PBXVariantGroup section */

/* Begin XCBuildConfiguration section */
		4055AA5A2B8CE33D00DB04D4 /* Debug */ = {
			isa = XCBuildConfiguration;
			buildSettings = {
				ALWAYS_SEARCH_USER_PATHS = NO;
				CLANG_ANALYZER_LOCALIZABILITY_NONLOCALIZED = YES;
				CLANG_ANALYZER_NONNULL = YES;
				CLANG_ANALYZER_NUMBER_OBJECT_CONVERSION = YES_AGGRESSIVE;
				CLANG_CXX_LANGUAGE_STANDARD = "gnu++20";
				CLANG_ENABLE_MODULES = YES;
				CLANG_ENABLE_OBJC_ARC = YES;
				CLANG_ENABLE_OBJC_WEAK = YES;
				CLANG_WARN_BLOCK_CAPTURE_AUTORELEASING = YES;
				CLANG_WARN_BOOL_CONVERSION = YES;
				CLANG_WARN_COMMA = YES;
				CLANG_WARN_CONSTANT_CONVERSION = YES;
				CLANG_WARN_DEPRECATED_OBJC_IMPLEMENTATIONS = YES;
				CLANG_WARN_DIRECT_OBJC_ISA_USAGE = YES_ERROR;
				CLANG_WARN_DOCUMENTATION_COMMENTS = YES;
				CLANG_WARN_EMPTY_BODY = YES;
				CLANG_WARN_ENUM_CONVERSION = YES;
				CLANG_WARN_INFINITE_RECURSION = YES;
				CLANG_WARN_INT_CONVERSION = YES;
				CLANG_WARN_NON_LITERAL_NULL_CONVERSION = YES;
				CLANG_WARN_OBJC_IMPLICIT_RETAIN_SELF = YES;
				CLANG_WARN_OBJC_LITERAL_CONVERSION = YES;
				CLANG_WARN_OBJC_ROOT_CLASS = YES_ERROR;
				CLANG_WARN_QUOTED_INCLUDE_IN_FRAMEWORK_HEADER = YES;
				CLANG_WARN_RANGE_LOOP_ANALYSIS = YES;
				CLANG_WARN_STRICT_PROTOTYPES = YES;
				CLANG_WARN_SUSPICIOUS_MOVE = YES;
				CLANG_WARN_UNGUARDED_AVAILABILITY = YES_AGGRESSIVE;
				CLANG_WARN_UNREACHABLE_CODE = YES;
				CLANG_WARN__DUPLICATE_METHOD_MATCH = YES;
				COPY_PHASE_STRIP = NO;
				DEBUG_INFORMATION_FORMAT = dwarf;
				ENABLE_STRICT_OBJC_MSGSEND = YES;
				ENABLE_TESTABILITY = YES;
				GCC_C_LANGUAGE_STANDARD = gnu11;
				GCC_DYNAMIC_NO_PIC = NO;
				GCC_NO_COMMON_BLOCKS = YES;
				GCC_OPTIMIZATION_LEVEL = 0;
				GCC_PREPROCESSOR_DEFINITIONS = (
					"DEBUG=1",
					"$(inherited)",
				);
				GCC_WARN_64_TO_32_BIT_CONVERSION = YES;
				GCC_WARN_ABOUT_RETURN_TYPE = YES_ERROR;
				GCC_WARN_UNDECLARED_SELECTOR = YES;
				GCC_WARN_UNINITIALIZED_AUTOS = YES_AGGRESSIVE;
				GCC_WARN_UNUSED_FUNCTION = YES;
				GCC_WARN_UNUSED_VARIABLE = YES;
				IPHONEOS_DEPLOYMENT_TARGET = 16.2;
				MTL_ENABLE_DEBUG_INFO = INCLUDE_SOURCE;
				MTL_FAST_MATH = YES;
				ONLY_ACTIVE_ARCH = YES;
				SDKROOT = iphoneos;
				SWIFT_ACTIVE_COMPILATION_CONDITIONS = DEBUG;
				SWIFT_OPTIMIZATION_LEVEL = "-Onone";
			};
			name = Debug;
		};
		4055AA5B2B8CE33D00DB04D4 /* Release */ = {
			isa = XCBuildConfiguration;
			buildSettings = {
				ALWAYS_SEARCH_USER_PATHS = NO;
				CLANG_ANALYZER_LOCALIZABILITY_NONLOCALIZED = YES;
				CLANG_ANALYZER_NONNULL = YES;
				CLANG_ANALYZER_NUMBER_OBJECT_CONVERSION = YES_AGGRESSIVE;
				CLANG_CXX_LANGUAGE_STANDARD = "gnu++20";
				CLANG_ENABLE_MODULES = YES;
				CLANG_ENABLE_OBJC_ARC = YES;
				CLANG_ENABLE_OBJC_WEAK = YES;
				CLANG_WARN_BLOCK_CAPTURE_AUTORELEASING = YES;
				CLANG_WARN_BOOL_CONVERSION = YES;
				CLANG_WARN_COMMA = YES;
				CLANG_WARN_CONSTANT_CONVERSION = YES;
				CLANG_WARN_DEPRECATED_OBJC_IMPLEMENTATIONS = YES;
				CLANG_WARN_DIRECT_OBJC_ISA_USAGE = YES_ERROR;
				CLANG_WARN_DOCUMENTATION_COMMENTS = YES;
				CLANG_WARN_EMPTY_BODY = YES;
				CLANG_WARN_ENUM_CONVERSION = YES;
				CLANG_WARN_INFINITE_RECURSION = YES;
				CLANG_WARN_INT_CONVERSION = YES;
				CLANG_WARN_NON_LITERAL_NULL_CONVERSION = YES;
				CLANG_WARN_OBJC_IMPLICIT_RETAIN_SELF = YES;
				CLANG_WARN_OBJC_LITERAL_CONVERSION = YES;
				CLANG_WARN_OBJC_ROOT_CLASS = YES_ERROR;
				CLANG_WARN_QUOTED_INCLUDE_IN_FRAMEWORK_HEADER = YES;
				CLANG_WARN_RANGE_LOOP_ANALYSIS = YES;
				CLANG_WARN_STRICT_PROTOTYPES = YES;
				CLANG_WARN_SUSPICIOUS_MOVE = YES;
				CLANG_WARN_UNGUARDED_AVAILABILITY = YES_AGGRESSIVE;
				CLANG_WARN_UNREACHABLE_CODE = YES;
				CLANG_WARN__DUPLICATE_METHOD_MATCH = YES;
				COPY_PHASE_STRIP = NO;
				DEBUG_INFORMATION_FORMAT = "dwarf-with-dsym";
				ENABLE_NS_ASSERTIONS = NO;
				ENABLE_STRICT_OBJC_MSGSEND = YES;
				GCC_C_LANGUAGE_STANDARD = gnu11;
				GCC_NO_COMMON_BLOCKS = YES;
				GCC_WARN_64_TO_32_BIT_CONVERSION = YES;
				GCC_WARN_ABOUT_RETURN_TYPE = YES_ERROR;
				GCC_WARN_UNDECLARED_SELECTOR = YES;
				GCC_WARN_UNINITIALIZED_AUTOS = YES_AGGRESSIVE;
				GCC_WARN_UNUSED_FUNCTION = YES;
				GCC_WARN_UNUSED_VARIABLE = YES;
				IPHONEOS_DEPLOYMENT_TARGET = 16.2;
				MTL_ENABLE_DEBUG_INFO = NO;
				MTL_FAST_MATH = YES;
				SDKROOT = iphoneos;
				SWIFT_COMPILATION_MODE = wholemodule;
				SWIFT_OPTIMIZATION_LEVEL = "-O";
				VALIDATE_PRODUCT = YES;
			};
			name = Release;
		};
		4055AA5D2B8CE33D00DB04D4 /* Debug */ = {
			isa = XCBuildConfiguration;
			buildSettings = {
				ASSETCATALOG_COMPILER_APPICON_NAME = AppIcon;
				ASSETCATALOG_COMPILER_GLOBAL_ACCENT_COLOR_NAME = AccentColor;
				CODE_SIGN_STYLE = Automatic;
				CURRENT_PROJECT_VERSION = 1;
				DEVELOPMENT_TEAM = UAJFWUV282;
				GENERATE_INFOPLIST_FILE = YES;
				INFOPLIST_FILE = MovieAPPforATL/Info.plist;
				INFOPLIST_KEY_UIApplicationSupportsIndirectInputEvents = YES;
				INFOPLIST_KEY_UILaunchStoryboardName = LaunchScreen;
				INFOPLIST_KEY_UISupportedInterfaceOrientations_iPad = "UIInterfaceOrientationPortrait UIInterfaceOrientationPortraitUpsideDown UIInterfaceOrientationLandscapeLeft UIInterfaceOrientationLandscapeRight";
				INFOPLIST_KEY_UISupportedInterfaceOrientations_iPhone = "UIInterfaceOrientationPortrait UIInterfaceOrientationLandscapeLeft UIInterfaceOrientationLandscapeRight";
				LD_RUNPATH_SEARCH_PATHS = (
					"$(inherited)",
					"@executable_path/Frameworks",
				);
				MARKETING_VERSION = 1.0;
				PRODUCT_BUNDLE_IDENTIFIER = com.aslanlifagan.MovieAPPforATL;
				PRODUCT_NAME = "$(TARGET_NAME)";
				SWIFT_EMIT_LOC_STRINGS = YES;
				SWIFT_VERSION = 5.0;
				TARGETED_DEVICE_FAMILY = "1,2";
			};
			name = Debug;
		};
		4055AA5E2B8CE33D00DB04D4 /* Release */ = {
			isa = XCBuildConfiguration;
			buildSettings = {
				ASSETCATALOG_COMPILER_APPICON_NAME = AppIcon;
				ASSETCATALOG_COMPILER_GLOBAL_ACCENT_COLOR_NAME = AccentColor;
				CODE_SIGN_STYLE = Automatic;
				CURRENT_PROJECT_VERSION = 1;
				DEVELOPMENT_TEAM = UAJFWUV282;
				GENERATE_INFOPLIST_FILE = YES;
				INFOPLIST_FILE = MovieAPPforATL/Info.plist;
				INFOPLIST_KEY_UIApplicationSupportsIndirectInputEvents = YES;
				INFOPLIST_KEY_UILaunchStoryboardName = LaunchScreen;
				INFOPLIST_KEY_UISupportedInterfaceOrientations_iPad = "UIInterfaceOrientationPortrait UIInterfaceOrientationPortraitUpsideDown UIInterfaceOrientationLandscapeLeft UIInterfaceOrientationLandscapeRight";
				INFOPLIST_KEY_UISupportedInterfaceOrientations_iPhone = "UIInterfaceOrientationPortrait UIInterfaceOrientationLandscapeLeft UIInterfaceOrientationLandscapeRight";
				LD_RUNPATH_SEARCH_PATHS = (
					"$(inherited)",
					"@executable_path/Frameworks",
				);
				MARKETING_VERSION = 1.0;
				PRODUCT_BUNDLE_IDENTIFIER = com.aslanlifagan.MovieAPPforATL;
				PRODUCT_NAME = "$(TARGET_NAME)";
				SWIFT_EMIT_LOC_STRINGS = YES;
				SWIFT_VERSION = 5.0;
				TARGETED_DEVICE_FAMILY = "1,2";
			};
			name = Release;
		};
		825205702BF7BBC600C4FF92 /* Debug */ = {
			isa = XCBuildConfiguration;
			buildSettings = {
				ASSETCATALOG_COMPILER_GENERATE_SWIFT_ASSET_SYMBOL_EXTENSIONS = YES;
				BUNDLE_LOADER = "$(TEST_HOST)";
				CODE_SIGN_STYLE = Automatic;
				CURRENT_PROJECT_VERSION = 1;
				DEVELOPMENT_TEAM = UAJFWUV282;
				ENABLE_USER_SCRIPT_SANDBOXING = YES;
				GCC_C_LANGUAGE_STANDARD = gnu17;
				GENERATE_INFOPLIST_FILE = YES;
				IPHONEOS_DEPLOYMENT_TARGET = 17.2;
				LOCALIZATION_PREFERS_STRING_CATALOGS = YES;
				MARKETING_VERSION = 1.0;
				PRODUCT_BUNDLE_IDENTIFIER = com.atl.MovieAPPforATLTests;
				PRODUCT_NAME = "$(TARGET_NAME)";
				SWIFT_ACTIVE_COMPILATION_CONDITIONS = "DEBUG $(inherited)";
				SWIFT_EMIT_LOC_STRINGS = NO;
				SWIFT_VERSION = 5.0;
				TARGETED_DEVICE_FAMILY = "1,2";
				TEST_HOST = "$(BUILT_PRODUCTS_DIR)/MovieAPPforATL.app/$(BUNDLE_EXECUTABLE_FOLDER_PATH)/MovieAPPforATL";
			};
			name = Debug;
		};
		825205712BF7BBC600C4FF92 /* Release */ = {
			isa = XCBuildConfiguration;
			buildSettings = {
				ASSETCATALOG_COMPILER_GENERATE_SWIFT_ASSET_SYMBOL_EXTENSIONS = YES;
				BUNDLE_LOADER = "$(TEST_HOST)";
				CODE_SIGN_STYLE = Automatic;
				CURRENT_PROJECT_VERSION = 1;
				DEVELOPMENT_TEAM = UAJFWUV282;
				ENABLE_USER_SCRIPT_SANDBOXING = YES;
				GCC_C_LANGUAGE_STANDARD = gnu17;
				GENERATE_INFOPLIST_FILE = YES;
				IPHONEOS_DEPLOYMENT_TARGET = 17.2;
				LOCALIZATION_PREFERS_STRING_CATALOGS = YES;
				MARKETING_VERSION = 1.0;
				PRODUCT_BUNDLE_IDENTIFIER = com.atl.MovieAPPforATLTests;
				PRODUCT_NAME = "$(TARGET_NAME)";
				SWIFT_EMIT_LOC_STRINGS = NO;
				SWIFT_VERSION = 5.0;
				TARGETED_DEVICE_FAMILY = "1,2";
				TEST_HOST = "$(BUILT_PRODUCTS_DIR)/MovieAPPforATL.app/$(BUNDLE_EXECUTABLE_FOLDER_PATH)/MovieAPPforATL";
			};
			name = Release;
		};
/* End XCBuildConfiguration section */

/* Begin XCConfigurationList section */
		4055AA432B8CE33A00DB04D4 /* Build configuration list for PBXProject "MovieAPPforATL" */ = {
			isa = XCConfigurationList;
			buildConfigurations = (
				4055AA5A2B8CE33D00DB04D4 /* Debug */,
				4055AA5B2B8CE33D00DB04D4 /* Release */,
			);
			defaultConfigurationIsVisible = 0;
			defaultConfigurationName = Release;
		};
		4055AA5C2B8CE33D00DB04D4 /* Build configuration list for PBXNativeTarget "MovieAPPforATL" */ = {
			isa = XCConfigurationList;
			buildConfigurations = (
				4055AA5D2B8CE33D00DB04D4 /* Debug */,
				4055AA5E2B8CE33D00DB04D4 /* Release */,
			);
			defaultConfigurationIsVisible = 0;
			defaultConfigurationName = Release;
		};
		8252056F2BF7BBC600C4FF92 /* Build configuration list for PBXNativeTarget "MovieAPPforATLTests" */ = {
			isa = XCConfigurationList;
			buildConfigurations = (
				825205702BF7BBC600C4FF92 /* Debug */,
				825205712BF7BBC600C4FF92 /* Release */,
			);
			defaultConfigurationIsVisible = 0;
			defaultConfigurationName = Release;
		};
/* End XCConfigurationList section */

/* Begin XCRemoteSwiftPackageReference section */
		400DF1622B9F601A00F69170 /* XCRemoteSwiftPackageReference "SDWebImage" */ = {
			isa = XCRemoteSwiftPackageReference;
			repositoryURL = "https://github.com/SDWebImage/SDWebImage";
			requirement = {
				kind = upToNextMajorVersion;
				minimumVersion = 5.0.0;
			};
		};
/* End XCRemoteSwiftPackageReference section */

/* Begin XCSwiftPackageProductDependency section */
		400DF1632B9F601A00F69170 /* SDWebImage */ = {
			isa = XCSwiftPackageProductDependency;
			package = 400DF1622B9F601A00F69170 /* XCRemoteSwiftPackageReference "SDWebImage" */;
			productName = SDWebImage;
		};
/* End XCSwiftPackageProductDependency section */
	};
	rootObject = 4055AA402B8CE33A00DB04D4 /* Project object */;
}
